// !$*UTF8*$!
{
	archiveVersion = 1;
	classes = {
	};
	objectVersion = 46;
	objects = {

/* Begin PBXBuildFile section */
		2D094B2517A4083800003684 /* CDStructures.h in Headers */ = {isa = PBXBuildFile; fileRef = 2D4A4DC217A403A500B99F05 /* CDStructures.h */; settings = {ATTRIBUTES = (Private, ); }; };
		2D094B2617A4083800003684 /* NSCoder-PHYPath.h in Headers */ = {isa = PBXBuildFile; fileRef = 2D4A4DC317A403A500B99F05 /* NSCoder-PHYPath.h */; settings = {ATTRIBUTES = (Private, ); }; };
		2D094B2717A4083800003684 /* NSCoding-Protocol.h in Headers */ = {isa = PBXBuildFile; fileRef = 2D4A4DC417A403A500B99F05 /* NSCoding-Protocol.h */; settings = {ATTRIBUTES = (Private, ); }; };
		2D094B2817A4083800003684 /* NSCopying-Protocol.h in Headers */ = {isa = PBXBuildFile; fileRef = 2D4A4DC517A403A500B99F05 /* NSCopying-Protocol.h */; settings = {ATTRIBUTES = (Private, ); }; };
		2D094B2917A4083800003684 /* NSValue-PHYPath.h in Headers */ = {isa = PBXBuildFile; fileRef = 2D4A4DC617A403A500B99F05 /* NSValue-PHYPath.h */; settings = {ATTRIBUTES = (Private, ); }; };
		2D094B2A17A4083800003684 /* PHYBody.h in Headers */ = {isa = PBXBuildFile; fileRef = 2D4A4DC717A403A500B99F05 /* PHYBody.h */; settings = {ATTRIBUTES = (Private, ); }; };
		2D094B2B17A4083800003684 /* PHYContact.h in Headers */ = {isa = PBXBuildFile; fileRef = 2D4A4DC817A403A500B99F05 /* PHYContact.h */; settings = {ATTRIBUTES = (Private, ); }; };
		2D094B2C17A4083800003684 /* PHYJoint.h in Headers */ = {isa = PBXBuildFile; fileRef = 2D4A4DC917A403A500B99F05 /* PHYJoint.h */; settings = {ATTRIBUTES = (Private, ); }; };
		2D094B2D17A4083800003684 /* PHYJointDistance.h in Headers */ = {isa = PBXBuildFile; fileRef = 2D4A4DCA17A403A500B99F05 /* PHYJointDistance.h */; settings = {ATTRIBUTES = (Private, ); }; };
		2D094B2E17A4083800003684 /* PHYJointPrismatic.h in Headers */ = {isa = PBXBuildFile; fileRef = 2D4A4DCB17A403A500B99F05 /* PHYJointPrismatic.h */; settings = {ATTRIBUTES = (Private, ); }; };
		2D094B2F17A4083800003684 /* PHYJointRevolute.h in Headers */ = {isa = PBXBuildFile; fileRef = 2D4A4DCC17A403A500B99F05 /* PHYJointRevolute.h */; settings = {ATTRIBUTES = (Private, ); }; };
		2D094B3017A4083800003684 /* PHYJointRope.h in Headers */ = {isa = PBXBuildFile; fileRef = 2D4A4DCD17A403A500B99F05 /* PHYJointRope.h */; settings = {ATTRIBUTES = (Private, ); }; };
		2D094B3117A4083800003684 /* PHYJointWeld.h in Headers */ = {isa = PBXBuildFile; fileRef = 2D4A4DCE17A403A500B99F05 /* PHYJointWeld.h */; settings = {ATTRIBUTES = (Private, ); }; };
		2D094B3217A4083800003684 /* PHYWorld.h in Headers */ = {isa = PBXBuildFile; fileRef = 2D4A4DCF17A403A500B99F05 /* PHYWorld.h */; settings = {ATTRIBUTES = (Private, ); }; };
		2D094B3417A4087F00003684 /* PHYWorld.m in Sources */ = {isa = PBXBuildFile; fileRef = 2D094B3317A4087F00003684 /* PHYWorld.m */; };
		2D1768E017ABEE6200761FEC /* PHYBody.m in Sources */ = {isa = PBXBuildFile; fileRef = 2D1768DF17ABEE6200761FEC /* PHYBody.m */; };
		2D458637177E6CFE0000096B /* PHYGravityBehavior.h in Headers */ = {isa = PBXBuildFile; fileRef = 2D458635177E6CFE0000096B /* PHYGravityBehavior.h */; settings = {ATTRIBUTES = (Public, ); }; };
		2D458638177E6CFE0000096B /* PHYGravityBehavior.m in Sources */ = {isa = PBXBuildFile; fileRef = 2D458636177E6CFE0000096B /* PHYGravityBehavior.m */; };
		2D45863B177F0B1F0000096B /* PHYCollisionBehavior.h in Headers */ = {isa = PBXBuildFile; fileRef = 2D458639177F0B1F0000096B /* PHYCollisionBehavior.h */; settings = {ATTRIBUTES = (Public, ); }; };
		2D45863C177F0B1F0000096B /* PHYCollisionBehavior.m in Sources */ = {isa = PBXBuildFile; fileRef = 2D45863A177F0B1F0000096B /* PHYCollisionBehavior.m */; };
		2D92946E178E2BBB00649568 /* CoreVideo.framework in Frameworks */ = {isa = PBXBuildFile; fileRef = 2D92946D178E2BBB00649568 /* CoreVideo.framework */; };
		2D951119177A264C00196C2C /* Cocoa.framework in Frameworks */ = {isa = PBXBuildFile; fileRef = 2D951118177A264C00196C2C /* Cocoa.framework */; };
		2D951123177A264C00196C2C /* InfoPlist.strings in Resources */ = {isa = PBXBuildFile; fileRef = 2D951121177A264C00196C2C /* InfoPlist.strings */; };
		2D951133177A267200196C2C /* PHYDynamicAnimator.h in Headers */ = {isa = PBXBuildFile; fileRef = 2D95112D177A267200196C2C /* PHYDynamicAnimator.h */; settings = {ATTRIBUTES = (Public, ); }; };
		2D951134177A267200196C2C /* PHYDynamicAnimator.m in Sources */ = {isa = PBXBuildFile; fileRef = 2D95112E177A267200196C2C /* PHYDynamicAnimator.m */; };
		2D951135177A267200196C2C /* PHYDynamicBehavior.h in Headers */ = {isa = PBXBuildFile; fileRef = 2D95112F177A267200196C2C /* PHYDynamicBehavior.h */; settings = {ATTRIBUTES = (Public, ); }; };
		2D951136177A267200196C2C /* PHYDynamicBehavior.m in Sources */ = {isa = PBXBuildFile; fileRef = 2D951130177A267200196C2C /* PHYDynamicBehavior.m */; };
		2D951137177A267200196C2C /* PHYView.h in Headers */ = {isa = PBXBuildFile; fileRef = 2D951131177A267200196C2C /* PHYView.h */; settings = {ATTRIBUTES = (Public, ); }; };
		2D951138177A267200196C2C /* PHYView.m in Sources */ = {isa = PBXBuildFile; fileRef = 2D951132177A267200196C2C /* PHYView.m */; };
		2D951146177A286000196C2C /* PHYDynamicItemBehavior.h in Headers */ = {isa = PBXBuildFile; fileRef = 2D951144177A286000196C2C /* PHYDynamicItemBehavior.h */; settings = {ATTRIBUTES = (Public, ); }; };
		2D951147177A286000196C2C /* PHYDynamicItemBehavior.m in Sources */ = {isa = PBXBuildFile; fileRef = 2D951145177A286000196C2C /* PHYDynamicItemBehavior.m */; };
		2D951148177A28C700196C2C /* PHYKit.h in Headers */ = {isa = PBXBuildFile; fileRef = 2D951125177A264C00196C2C /* PHYKit.h */; settings = {ATTRIBUTES = (Public, ); }; };
		2DAF05B517AABB3900C7DE2C /* PHYGeometry.h in Headers */ = {isa = PBXBuildFile; fileRef = 2DAF05B317AABB3900C7DE2C /* PHYGeometry.h */; };
		6313788E177A299A0016F625 /* QuartzCore.framework in Frameworks */ = {isa = PBXBuildFile; fileRef = 6313788D177A299A0016F625 /* QuartzCore.framework */; };
		633C552E17AC79290074B887 /* Box2D.h in Headers */ = {isa = PBXBuildFile; fileRef = 633C54CA17AC79290074B887 /* Box2D.h */; };
		633C552F17AC79290074B887 /* Box2DConfig.cmake in Resources */ = {isa = PBXBuildFile; fileRef = 633C54CB17AC79290074B887 /* Box2DConfig.cmake */; };
		633C553017AC79290074B887 /* CMakeLists.txt in Resources */ = {isa = PBXBuildFile; fileRef = 633C54CC17AC79290074B887 /* CMakeLists.txt */; };
		633C553117AC79290074B887 /* b2BroadPhase.cpp in Sources */ = {isa = PBXBuildFile; fileRef = 633C54CE17AC79290074B887 /* b2BroadPhase.cpp */; };
		633C553217AC79290074B887 /* b2BroadPhase.h in Headers */ = {isa = PBXBuildFile; fileRef = 633C54CF17AC79290074B887 /* b2BroadPhase.h */; };
		633C553317AC79290074B887 /* b2CollideCircle.cpp in Sources */ = {isa = PBXBuildFile; fileRef = 633C54D017AC79290074B887 /* b2CollideCircle.cpp */; };
		633C553417AC79290074B887 /* b2CollideEdge.cpp in Sources */ = {isa = PBXBuildFile; fileRef = 633C54D117AC79290074B887 /* b2CollideEdge.cpp */; };
		633C553517AC79290074B887 /* b2CollidePolygon.cpp in Sources */ = {isa = PBXBuildFile; fileRef = 633C54D217AC79290074B887 /* b2CollidePolygon.cpp */; };
		633C553617AC79290074B887 /* b2Collision.cpp in Sources */ = {isa = PBXBuildFile; fileRef = 633C54D317AC79290074B887 /* b2Collision.cpp */; };
		633C553717AC79290074B887 /* b2Collision.h in Headers */ = {isa = PBXBuildFile; fileRef = 633C54D417AC79290074B887 /* b2Collision.h */; };
		633C553817AC79290074B887 /* b2Distance.cpp in Sources */ = {isa = PBXBuildFile; fileRef = 633C54D517AC79290074B887 /* b2Distance.cpp */; };
		633C553917AC79290074B887 /* b2Distance.h in Headers */ = {isa = PBXBuildFile; fileRef = 633C54D617AC79290074B887 /* b2Distance.h */; };
		633C553A17AC79290074B887 /* b2DynamicTree.cpp in Sources */ = {isa = PBXBuildFile; fileRef = 633C54D717AC79290074B887 /* b2DynamicTree.cpp */; };
		633C553B17AC79290074B887 /* b2DynamicTree.h in Headers */ = {isa = PBXBuildFile; fileRef = 633C54D817AC79290074B887 /* b2DynamicTree.h */; };
		633C553C17AC79290074B887 /* b2TimeOfImpact.cpp in Sources */ = {isa = PBXBuildFile; fileRef = 633C54D917AC79290074B887 /* b2TimeOfImpact.cpp */; };
		633C553D17AC79290074B887 /* b2TimeOfImpact.h in Headers */ = {isa = PBXBuildFile; fileRef = 633C54DA17AC79290074B887 /* b2TimeOfImpact.h */; };
		633C553E17AC79290074B887 /* b2ChainShape.cpp in Sources */ = {isa = PBXBuildFile; fileRef = 633C54DC17AC79290074B887 /* b2ChainShape.cpp */; };
		633C553F17AC79290074B887 /* b2ChainShape.h in Headers */ = {isa = PBXBuildFile; fileRef = 633C54DD17AC79290074B887 /* b2ChainShape.h */; };
		633C554017AC79290074B887 /* b2CircleShape.cpp in Sources */ = {isa = PBXBuildFile; fileRef = 633C54DE17AC79290074B887 /* b2CircleShape.cpp */; };
		633C554117AC79290074B887 /* b2CircleShape.h in Headers */ = {isa = PBXBuildFile; fileRef = 633C54DF17AC79290074B887 /* b2CircleShape.h */; };
		633C554217AC79290074B887 /* b2EdgeShape.cpp in Sources */ = {isa = PBXBuildFile; fileRef = 633C54E017AC79290074B887 /* b2EdgeShape.cpp */; };
		633C554317AC79290074B887 /* b2EdgeShape.h in Headers */ = {isa = PBXBuildFile; fileRef = 633C54E117AC79290074B887 /* b2EdgeShape.h */; };
		633C554417AC79290074B887 /* b2PolygonShape.cpp in Sources */ = {isa = PBXBuildFile; fileRef = 633C54E217AC79290074B887 /* b2PolygonShape.cpp */; };
		633C554517AC79290074B887 /* b2PolygonShape.h in Headers */ = {isa = PBXBuildFile; fileRef = 633C54E317AC79290074B887 /* b2PolygonShape.h */; };
		633C554617AC79290074B887 /* b2Shape.h in Headers */ = {isa = PBXBuildFile; fileRef = 633C54E417AC79290074B887 /* b2Shape.h */; };
		633C554717AC79290074B887 /* b2BlockAllocator.cpp in Sources */ = {isa = PBXBuildFile; fileRef = 633C54E617AC79290074B887 /* b2BlockAllocator.cpp */; };
		633C554817AC79290074B887 /* b2BlockAllocator.h in Headers */ = {isa = PBXBuildFile; fileRef = 633C54E717AC79290074B887 /* b2BlockAllocator.h */; };
		633C554917AC79290074B887 /* b2Draw.cpp in Sources */ = {isa = PBXBuildFile; fileRef = 633C54E817AC79290074B887 /* b2Draw.cpp */; };
		633C554A17AC79290074B887 /* b2Draw.h in Headers */ = {isa = PBXBuildFile; fileRef = 633C54E917AC79290074B887 /* b2Draw.h */; };
		633C554B17AC79290074B887 /* b2GrowableStack.h in Headers */ = {isa = PBXBuildFile; fileRef = 633C54EA17AC79290074B887 /* b2GrowableStack.h */; };
		633C554C17AC79290074B887 /* b2Math.cpp in Sources */ = {isa = PBXBuildFile; fileRef = 633C54EB17AC79290074B887 /* b2Math.cpp */; };
		633C554D17AC79290074B887 /* b2Math.h in Headers */ = {isa = PBXBuildFile; fileRef = 633C54EC17AC79290074B887 /* b2Math.h */; };
		633C554E17AC79290074B887 /* b2Settings.cpp in Sources */ = {isa = PBXBuildFile; fileRef = 633C54ED17AC79290074B887 /* b2Settings.cpp */; };
		633C554F17AC79290074B887 /* b2Settings.h in Headers */ = {isa = PBXBuildFile; fileRef = 633C54EE17AC79290074B887 /* b2Settings.h */; };
		633C555017AC79290074B887 /* b2StackAllocator.cpp in Sources */ = {isa = PBXBuildFile; fileRef = 633C54EF17AC79290074B887 /* b2StackAllocator.cpp */; };
		633C555117AC79290074B887 /* b2StackAllocator.h in Headers */ = {isa = PBXBuildFile; fileRef = 633C54F017AC79290074B887 /* b2StackAllocator.h */; };
		633C555217AC79290074B887 /* b2Timer.cpp in Sources */ = {isa = PBXBuildFile; fileRef = 633C54F117AC79290074B887 /* b2Timer.cpp */; };
		633C555317AC79290074B887 /* b2Timer.h in Headers */ = {isa = PBXBuildFile; fileRef = 633C54F217AC79290074B887 /* b2Timer.h */; };
		633C555417AC79290074B887 /* b2Body.cpp in Sources */ = {isa = PBXBuildFile; fileRef = 633C54F417AC79290074B887 /* b2Body.cpp */; };
		633C555517AC79290074B887 /* b2Body.h in Headers */ = {isa = PBXBuildFile; fileRef = 633C54F517AC79290074B887 /* b2Body.h */; };
		633C555617AC79290074B887 /* b2ContactManager.cpp in Sources */ = {isa = PBXBuildFile; fileRef = 633C54F617AC79290074B887 /* b2ContactManager.cpp */; };
		633C555717AC79290074B887 /* b2ContactManager.h in Headers */ = {isa = PBXBuildFile; fileRef = 633C54F717AC79290074B887 /* b2ContactManager.h */; };
		633C555817AC79290074B887 /* b2Fixture.cpp in Sources */ = {isa = PBXBuildFile; fileRef = 633C54F817AC79290074B887 /* b2Fixture.cpp */; };
		633C555917AC79290074B887 /* b2Fixture.h in Headers */ = {isa = PBXBuildFile; fileRef = 633C54F917AC79290074B887 /* b2Fixture.h */; };
		633C555A17AC79290074B887 /* b2Island.cpp in Sources */ = {isa = PBXBuildFile; fileRef = 633C54FA17AC79290074B887 /* b2Island.cpp */; };
		633C555B17AC79290074B887 /* b2Island.h in Headers */ = {isa = PBXBuildFile; fileRef = 633C54FB17AC79290074B887 /* b2Island.h */; };
		633C555C17AC79290074B887 /* b2TimeStep.h in Headers */ = {isa = PBXBuildFile; fileRef = 633C54FC17AC79290074B887 /* b2TimeStep.h */; };
		633C555D17AC79290074B887 /* b2World.cpp in Sources */ = {isa = PBXBuildFile; fileRef = 633C54FD17AC79290074B887 /* b2World.cpp */; };
		633C555E17AC79290074B887 /* b2World.h in Headers */ = {isa = PBXBuildFile; fileRef = 633C54FE17AC79290074B887 /* b2World.h */; };
		633C555F17AC79290074B887 /* b2WorldCallbacks.cpp in Sources */ = {isa = PBXBuildFile; fileRef = 633C54FF17AC79290074B887 /* b2WorldCallbacks.cpp */; };
		633C556017AC79290074B887 /* b2WorldCallbacks.h in Headers */ = {isa = PBXBuildFile; fileRef = 633C550017AC79290074B887 /* b2WorldCallbacks.h */; };
		633C556117AC79290074B887 /* b2ChainAndCircleContact.cpp in Sources */ = {isa = PBXBuildFile; fileRef = 633C550217AC79290074B887 /* b2ChainAndCircleContact.cpp */; };
		633C556217AC79290074B887 /* b2ChainAndCircleContact.h in Headers */ = {isa = PBXBuildFile; fileRef = 633C550317AC79290074B887 /* b2ChainAndCircleContact.h */; };
		633C556317AC79290074B887 /* b2ChainAndPolygonContact.cpp in Sources */ = {isa = PBXBuildFile; fileRef = 633C550417AC79290074B887 /* b2ChainAndPolygonContact.cpp */; };
		633C556417AC79290074B887 /* b2ChainAndPolygonContact.h in Headers */ = {isa = PBXBuildFile; fileRef = 633C550517AC79290074B887 /* b2ChainAndPolygonContact.h */; };
		633C556517AC79290074B887 /* b2CircleContact.cpp in Sources */ = {isa = PBXBuildFile; fileRef = 633C550617AC79290074B887 /* b2CircleContact.cpp */; };
		633C556617AC79290074B887 /* b2CircleContact.h in Headers */ = {isa = PBXBuildFile; fileRef = 633C550717AC79290074B887 /* b2CircleContact.h */; };
		633C556717AC79290074B887 /* b2Contact.cpp in Sources */ = {isa = PBXBuildFile; fileRef = 633C550817AC79290074B887 /* b2Contact.cpp */; };
		633C556817AC79290074B887 /* b2Contact.h in Headers */ = {isa = PBXBuildFile; fileRef = 633C550917AC79290074B887 /* b2Contact.h */; };
		633C556917AC79290074B887 /* b2ContactSolver.cpp in Sources */ = {isa = PBXBuildFile; fileRef = 633C550A17AC79290074B887 /* b2ContactSolver.cpp */; };
		633C556A17AC79290074B887 /* b2ContactSolver.h in Headers */ = {isa = PBXBuildFile; fileRef = 633C550B17AC79290074B887 /* b2ContactSolver.h */; };
		633C556B17AC79290074B887 /* b2EdgeAndCircleContact.cpp in Sources */ = {isa = PBXBuildFile; fileRef = 633C550C17AC79290074B887 /* b2EdgeAndCircleContact.cpp */; };
		633C556C17AC79290074B887 /* b2EdgeAndCircleContact.h in Headers */ = {isa = PBXBuildFile; fileRef = 633C550D17AC79290074B887 /* b2EdgeAndCircleContact.h */; };
		633C556D17AC79290074B887 /* b2EdgeAndPolygonContact.cpp in Sources */ = {isa = PBXBuildFile; fileRef = 633C550E17AC79290074B887 /* b2EdgeAndPolygonContact.cpp */; };
		633C556E17AC79290074B887 /* b2EdgeAndPolygonContact.h in Headers */ = {isa = PBXBuildFile; fileRef = 633C550F17AC79290074B887 /* b2EdgeAndPolygonContact.h */; };
		633C556F17AC79290074B887 /* b2PolygonAndCircleContact.cpp in Sources */ = {isa = PBXBuildFile; fileRef = 633C551017AC79290074B887 /* b2PolygonAndCircleContact.cpp */; };
		633C557017AC79290074B887 /* b2PolygonAndCircleContact.h in Headers */ = {isa = PBXBuildFile; fileRef = 633C551117AC79290074B887 /* b2PolygonAndCircleContact.h */; };
		633C557117AC79290074B887 /* b2PolygonContact.cpp in Sources */ = {isa = PBXBuildFile; fileRef = 633C551217AC79290074B887 /* b2PolygonContact.cpp */; };
		633C557217AC79290074B887 /* b2PolygonContact.h in Headers */ = {isa = PBXBuildFile; fileRef = 633C551317AC79290074B887 /* b2PolygonContact.h */; };
		633C557317AC79290074B887 /* b2DistanceJoint.cpp in Sources */ = {isa = PBXBuildFile; fileRef = 633C551517AC79290074B887 /* b2DistanceJoint.cpp */; };
		633C557417AC79290074B887 /* b2DistanceJoint.h in Headers */ = {isa = PBXBuildFile; fileRef = 633C551617AC79290074B887 /* b2DistanceJoint.h */; };
		633C557517AC79290074B887 /* b2FrictionJoint.cpp in Sources */ = {isa = PBXBuildFile; fileRef = 633C551717AC79290074B887 /* b2FrictionJoint.cpp */; };
		633C557617AC79290074B887 /* b2FrictionJoint.h in Headers */ = {isa = PBXBuildFile; fileRef = 633C551817AC79290074B887 /* b2FrictionJoint.h */; };
		633C557717AC79290074B887 /* b2GearJoint.cpp in Sources */ = {isa = PBXBuildFile; fileRef = 633C551917AC79290074B887 /* b2GearJoint.cpp */; };
		633C557817AC79290074B887 /* b2GearJoint.h in Headers */ = {isa = PBXBuildFile; fileRef = 633C551A17AC79290074B887 /* b2GearJoint.h */; };
		633C557917AC79290074B887 /* b2Joint.cpp in Sources */ = {isa = PBXBuildFile; fileRef = 633C551B17AC79290074B887 /* b2Joint.cpp */; };
		633C557A17AC79290074B887 /* b2Joint.h in Headers */ = {isa = PBXBuildFile; fileRef = 633C551C17AC79290074B887 /* b2Joint.h */; };
		633C557B17AC79290074B887 /* b2MouseJoint.cpp in Sources */ = {isa = PBXBuildFile; fileRef = 633C551D17AC79290074B887 /* b2MouseJoint.cpp */; };
		633C557C17AC79290074B887 /* b2MouseJoint.h in Headers */ = {isa = PBXBuildFile; fileRef = 633C551E17AC79290074B887 /* b2MouseJoint.h */; };
		633C557D17AC79290074B887 /* b2PrismaticJoint.cpp in Sources */ = {isa = PBXBuildFile; fileRef = 633C551F17AC79290074B887 /* b2PrismaticJoint.cpp */; };
		633C557E17AC79290074B887 /* b2PrismaticJoint.h in Headers */ = {isa = PBXBuildFile; fileRef = 633C552017AC79290074B887 /* b2PrismaticJoint.h */; };
		633C557F17AC79290074B887 /* b2PulleyJoint.cpp in Sources */ = {isa = PBXBuildFile; fileRef = 633C552117AC79290074B887 /* b2PulleyJoint.cpp */; };
		633C558017AC79290074B887 /* b2PulleyJoint.h in Headers */ = {isa = PBXBuildFile; fileRef = 633C552217AC79290074B887 /* b2PulleyJoint.h */; };
		633C558117AC79290074B887 /* b2RevoluteJoint.cpp in Sources */ = {isa = PBXBuildFile; fileRef = 633C552317AC79290074B887 /* b2RevoluteJoint.cpp */; };
		633C558217AC79290074B887 /* b2RevoluteJoint.h in Headers */ = {isa = PBXBuildFile; fileRef = 633C552417AC79290074B887 /* b2RevoluteJoint.h */; };
		633C558317AC79290074B887 /* b2RopeJoint.cpp in Sources */ = {isa = PBXBuildFile; fileRef = 633C552517AC79290074B887 /* b2RopeJoint.cpp */; };
		633C558417AC79290074B887 /* b2RopeJoint.h in Headers */ = {isa = PBXBuildFile; fileRef = 633C552617AC79290074B887 /* b2RopeJoint.h */; };
		633C558517AC79290074B887 /* b2WeldJoint.cpp in Sources */ = {isa = PBXBuildFile; fileRef = 633C552717AC79290074B887 /* b2WeldJoint.cpp */; };
		633C558617AC79290074B887 /* b2WeldJoint.h in Headers */ = {isa = PBXBuildFile; fileRef = 633C552817AC79290074B887 /* b2WeldJoint.h */; };
		633C558717AC79290074B887 /* b2WheelJoint.cpp in Sources */ = {isa = PBXBuildFile; fileRef = 633C552917AC79290074B887 /* b2WheelJoint.cpp */; };
		633C558817AC79290074B887 /* b2WheelJoint.h in Headers */ = {isa = PBXBuildFile; fileRef = 633C552A17AC79290074B887 /* b2WheelJoint.h */; };
		633C558917AC79290074B887 /* b2Rope.cpp in Sources */ = {isa = PBXBuildFile; fileRef = 633C552C17AC79290074B887 /* b2Rope.cpp */; };
		633C558A17AC79290074B887 /* b2Rope.h in Headers */ = {isa = PBXBuildFile; fileRef = 633C552D17AC79290074B887 /* b2Rope.h */; };
		7AFEF42F178D065C0074830D /* PHYPushBehavior.h in Headers */ = {isa = PBXBuildFile; fileRef = 7AFEF42D178D065C0074830D /* PHYPushBehavior.h */; settings = {ATTRIBUTES = (Public, ); }; };
		7AFEF430178D065C0074830D /* PHYPushBehavior.m in Sources */ = {isa = PBXBuildFile; fileRef = 7AFEF42E178D065C0074830D /* PHYPushBehavior.m */; };
		7AFEF433178D07A40074830D /* PHYSnapBehavior.h in Headers */ = {isa = PBXBuildFile; fileRef = 7AFEF431178D07A40074830D /* PHYSnapBehavior.h */; settings = {ATTRIBUTES = (Public, ); }; };
		7AFEF434178D07A40074830D /* PHYSnapBehavior.m in Sources */ = {isa = PBXBuildFile; fileRef = 7AFEF432178D07A40074830D /* PHYSnapBehavior.m */; };
/* End PBXBuildFile section */

/* Begin PBXFileReference section */
		2D094B3317A4087F00003684 /* PHYWorld.m */ = {isa = PBXFileReference; explicitFileType = sourcecode.cpp.objcpp; fileEncoding = 4; path = PHYWorld.m; sourceTree = "<group>"; };
		2D1768DF17ABEE6200761FEC /* PHYBody.m */ = {isa = PBXFileReference; explicitFileType = sourcecode.cpp.objcpp; fileEncoding = 4; path = PHYBody.m; sourceTree = "<group>"; };
		2D458635177E6CFE0000096B /* PHYGravityBehavior.h */ = {isa = PBXFileReference; fileEncoding = 4; lastKnownFileType = sourcecode.c.h; path = PHYGravityBehavior.h; sourceTree = "<group>"; };
		2D458636177E6CFE0000096B /* PHYGravityBehavior.m */ = {isa = PBXFileReference; fileEncoding = 4; lastKnownFileType = sourcecode.c.objc; path = PHYGravityBehavior.m; sourceTree = "<group>"; };
		2D458639177F0B1F0000096B /* PHYCollisionBehavior.h */ = {isa = PBXFileReference; fileEncoding = 4; lastKnownFileType = sourcecode.c.h; path = PHYCollisionBehavior.h; sourceTree = "<group>"; };
		2D45863A177F0B1F0000096B /* PHYCollisionBehavior.m */ = {isa = PBXFileReference; fileEncoding = 4; lastKnownFileType = sourcecode.c.objc; path = PHYCollisionBehavior.m; sourceTree = "<group>"; };
		2D4A4DC217A403A500B99F05 /* CDStructures.h */ = {isa = PBXFileReference; fileEncoding = 4; lastKnownFileType = sourcecode.c.h; path = CDStructures.h; sourceTree = "<group>"; };
		2D4A4DC317A403A500B99F05 /* NSCoder-PHYPath.h */ = {isa = PBXFileReference; fileEncoding = 4; lastKnownFileType = sourcecode.c.h; path = "NSCoder-PHYPath.h"; sourceTree = "<group>"; };
		2D4A4DC417A403A500B99F05 /* NSCoding-Protocol.h */ = {isa = PBXFileReference; fileEncoding = 4; lastKnownFileType = sourcecode.c.h; path = "NSCoding-Protocol.h"; sourceTree = "<group>"; };
		2D4A4DC517A403A500B99F05 /* NSCopying-Protocol.h */ = {isa = PBXFileReference; fileEncoding = 4; lastKnownFileType = sourcecode.c.h; path = "NSCopying-Protocol.h"; sourceTree = "<group>"; };
		2D4A4DC617A403A500B99F05 /* NSValue-PHYPath.h */ = {isa = PBXFileReference; fileEncoding = 4; lastKnownFileType = sourcecode.c.h; path = "NSValue-PHYPath.h"; sourceTree = "<group>"; };
		2D4A4DC717A403A500B99F05 /* PHYBody.h */ = {isa = PBXFileReference; fileEncoding = 4; lastKnownFileType = sourcecode.c.h; path = PHYBody.h; sourceTree = "<group>"; };
		2D4A4DC817A403A500B99F05 /* PHYContact.h */ = {isa = PBXFileReference; fileEncoding = 4; lastKnownFileType = sourcecode.c.h; path = PHYContact.h; sourceTree = "<group>"; };
		2D4A4DC917A403A500B99F05 /* PHYJoint.h */ = {isa = PBXFileReference; fileEncoding = 4; lastKnownFileType = sourcecode.c.h; path = PHYJoint.h; sourceTree = "<group>"; };
		2D4A4DCA17A403A500B99F05 /* PHYJointDistance.h */ = {isa = PBXFileReference; fileEncoding = 4; lastKnownFileType = sourcecode.c.h; path = PHYJointDistance.h; sourceTree = "<group>"; };
		2D4A4DCB17A403A500B99F05 /* PHYJointPrismatic.h */ = {isa = PBXFileReference; fileEncoding = 4; lastKnownFileType = sourcecode.c.h; path = PHYJointPrismatic.h; sourceTree = "<group>"; };
		2D4A4DCC17A403A500B99F05 /* PHYJointRevolute.h */ = {isa = PBXFileReference; fileEncoding = 4; lastKnownFileType = sourcecode.c.h; path = PHYJointRevolute.h; sourceTree = "<group>"; };
		2D4A4DCD17A403A500B99F05 /* PHYJointRope.h */ = {isa = PBXFileReference; fileEncoding = 4; lastKnownFileType = sourcecode.c.h; path = PHYJointRope.h; sourceTree = "<group>"; };
		2D4A4DCE17A403A500B99F05 /* PHYJointWeld.h */ = {isa = PBXFileReference; fileEncoding = 4; lastKnownFileType = sourcecode.c.h; path = PHYJointWeld.h; sourceTree = "<group>"; };
		2D4A4DCF17A403A500B99F05 /* PHYWorld.h */ = {isa = PBXFileReference; fileEncoding = 4; lastKnownFileType = sourcecode.c.h; path = PHYWorld.h; sourceTree = "<group>"; };
		2D92946D178E2BBB00649568 /* CoreVideo.framework */ = {isa = PBXFileReference; lastKnownFileType = wrapper.framework; name = CoreVideo.framework; path = System/Library/Frameworks/CoreVideo.framework; sourceTree = SDKROOT; };
		2D951115177A264C00196C2C /* PHYKit.framework */ = {isa = PBXFileReference; explicitFileType = wrapper.framework; includeInIndex = 0; path = PHYKit.framework; sourceTree = BUILT_PRODUCTS_DIR; };
		2D951118177A264C00196C2C /* Cocoa.framework */ = {isa = PBXFileReference; lastKnownFileType = wrapper.framework; name = Cocoa.framework; path = System/Library/Frameworks/Cocoa.framework; sourceTree = SDKROOT; };
		2D95111B177A264C00196C2C /* AppKit.framework */ = {isa = PBXFileReference; lastKnownFileType = wrapper.framework; name = AppKit.framework; path = System/Library/Frameworks/AppKit.framework; sourceTree = SDKROOT; };
		2D95111C177A264C00196C2C /* CoreData.framework */ = {isa = PBXFileReference; lastKnownFileType = wrapper.framework; name = CoreData.framework; path = System/Library/Frameworks/CoreData.framework; sourceTree = SDKROOT; };
		2D95111D177A264C00196C2C /* Foundation.framework */ = {isa = PBXFileReference; lastKnownFileType = wrapper.framework; name = Foundation.framework; path = System/Library/Frameworks/Foundation.framework; sourceTree = SDKROOT; };
		2D951120177A264C00196C2C /* PHYKit-Info.plist */ = {isa = PBXFileReference; lastKnownFileType = text.plist.xml; path = "PHYKit-Info.plist"; sourceTree = "<group>"; };
		2D951122177A264C00196C2C /* en */ = {isa = PBXFileReference; lastKnownFileType = text.plist.strings; name = en; path = en.lproj/InfoPlist.strings; sourceTree = "<group>"; };
		2D951124177A264C00196C2C /* PHYKit-Prefix.pch */ = {isa = PBXFileReference; lastKnownFileType = sourcecode.c.h; path = "PHYKit-Prefix.pch"; sourceTree = "<group>"; };
		2D951125177A264C00196C2C /* PHYKit.h */ = {isa = PBXFileReference; lastKnownFileType = sourcecode.c.h; path = PHYKit.h; sourceTree = "<group>"; };
		2D95112D177A267200196C2C /* PHYDynamicAnimator.h */ = {isa = PBXFileReference; fileEncoding = 4; lastKnownFileType = sourcecode.c.h; path = PHYDynamicAnimator.h; sourceTree = "<group>"; };
		2D95112E177A267200196C2C /* PHYDynamicAnimator.m */ = {isa = PBXFileReference; fileEncoding = 4; lastKnownFileType = sourcecode.c.objc; path = PHYDynamicAnimator.m; sourceTree = "<group>"; };
		2D95112F177A267200196C2C /* PHYDynamicBehavior.h */ = {isa = PBXFileReference; fileEncoding = 4; lastKnownFileType = sourcecode.c.h; path = PHYDynamicBehavior.h; sourceTree = "<group>"; };
		2D951130177A267200196C2C /* PHYDynamicBehavior.m */ = {isa = PBXFileReference; fileEncoding = 4; lastKnownFileType = sourcecode.c.objc; path = PHYDynamicBehavior.m; sourceTree = "<group>"; };
		2D951131177A267200196C2C /* PHYView.h */ = {isa = PBXFileReference; fileEncoding = 4; lastKnownFileType = sourcecode.c.h; path = PHYView.h; sourceTree = "<group>"; };
		2D951132177A267200196C2C /* PHYView.m */ = {isa = PBXFileReference; fileEncoding = 4; lastKnownFileType = sourcecode.c.objc; path = PHYView.m; sourceTree = "<group>"; };
		2D951144177A286000196C2C /* PHYDynamicItemBehavior.h */ = {isa = PBXFileReference; fileEncoding = 4; lastKnownFileType = sourcecode.c.h; path = PHYDynamicItemBehavior.h; sourceTree = "<group>"; };
		2D951145177A286000196C2C /* PHYDynamicItemBehavior.m */ = {isa = PBXFileReference; fileEncoding = 4; lastKnownFileType = sourcecode.c.objc; path = PHYDynamicItemBehavior.m; sourceTree = "<group>"; };
		2DAF05B317AABB3900C7DE2C /* PHYGeometry.h */ = {isa = PBXFileReference; fileEncoding = 4; lastKnownFileType = sourcecode.c.h; path = PHYGeometry.h; sourceTree = "<group>"; };
		6313788D177A299A0016F625 /* QuartzCore.framework */ = {isa = PBXFileReference; lastKnownFileType = wrapper.framework; name = QuartzCore.framework; path = System/Library/Frameworks/QuartzCore.framework; sourceTree = SDKROOT; };
		633C54CA17AC79290074B887 /* Box2D.h */ = {isa = PBXFileReference; fileEncoding = 4; lastKnownFileType = sourcecode.c.h; path = Box2D.h; sourceTree = "<group>"; };
		633C54CB17AC79290074B887 /* Box2DConfig.cmake */ = {isa = PBXFileReference; fileEncoding = 4; lastKnownFileType = text; path = Box2DConfig.cmake; sourceTree = "<group>"; };
		633C54CC17AC79290074B887 /* CMakeLists.txt */ = {isa = PBXFileReference; fileEncoding = 4; lastKnownFileType = text; path = CMakeLists.txt; sourceTree = "<group>"; };
		633C54CE17AC79290074B887 /* b2BroadPhase.cpp */ = {isa = PBXFileReference; fileEncoding = 4; lastKnownFileType = sourcecode.cpp.cpp; path = b2BroadPhase.cpp; sourceTree = "<group>"; };
		633C54CF17AC79290074B887 /* b2BroadPhase.h */ = {isa = PBXFileReference; fileEncoding = 4; lastKnownFileType = sourcecode.c.h; path = b2BroadPhase.h; sourceTree = "<group>"; };
		633C54D017AC79290074B887 /* b2CollideCircle.cpp */ = {isa = PBXFileReference; fileEncoding = 4; lastKnownFileType = sourcecode.cpp.cpp; path = b2CollideCircle.cpp; sourceTree = "<group>"; };
		633C54D117AC79290074B887 /* b2CollideEdge.cpp */ = {isa = PBXFileReference; fileEncoding = 4; lastKnownFileType = sourcecode.cpp.cpp; path = b2CollideEdge.cpp; sourceTree = "<group>"; };
		633C54D217AC79290074B887 /* b2CollidePolygon.cpp */ = {isa = PBXFileReference; fileEncoding = 4; lastKnownFileType = sourcecode.cpp.cpp; path = b2CollidePolygon.cpp; sourceTree = "<group>"; };
		633C54D317AC79290074B887 /* b2Collision.cpp */ = {isa = PBXFileReference; fileEncoding = 4; lastKnownFileType = sourcecode.cpp.cpp; path = b2Collision.cpp; sourceTree = "<group>"; };
		633C54D417AC79290074B887 /* b2Collision.h */ = {isa = PBXFileReference; fileEncoding = 4; lastKnownFileType = sourcecode.c.h; path = b2Collision.h; sourceTree = "<group>"; };
		633C54D517AC79290074B887 /* b2Distance.cpp */ = {isa = PBXFileReference; fileEncoding = 4; lastKnownFileType = sourcecode.cpp.cpp; path = b2Distance.cpp; sourceTree = "<group>"; };
		633C54D617AC79290074B887 /* b2Distance.h */ = {isa = PBXFileReference; fileEncoding = 4; lastKnownFileType = sourcecode.c.h; path = b2Distance.h; sourceTree = "<group>"; };
		633C54D717AC79290074B887 /* b2DynamicTree.cpp */ = {isa = PBXFileReference; fileEncoding = 4; lastKnownFileType = sourcecode.cpp.cpp; path = b2DynamicTree.cpp; sourceTree = "<group>"; };
		633C54D817AC79290074B887 /* b2DynamicTree.h */ = {isa = PBXFileReference; fileEncoding = 4; lastKnownFileType = sourcecode.c.h; path = b2DynamicTree.h; sourceTree = "<group>"; };
		633C54D917AC79290074B887 /* b2TimeOfImpact.cpp */ = {isa = PBXFileReference; fileEncoding = 4; lastKnownFileType = sourcecode.cpp.cpp; path = b2TimeOfImpact.cpp; sourceTree = "<group>"; };
		633C54DA17AC79290074B887 /* b2TimeOfImpact.h */ = {isa = PBXFileReference; fileEncoding = 4; lastKnownFileType = sourcecode.c.h; path = b2TimeOfImpact.h; sourceTree = "<group>"; };
		633C54DC17AC79290074B887 /* b2ChainShape.cpp */ = {isa = PBXFileReference; fileEncoding = 4; lastKnownFileType = sourcecode.cpp.cpp; path = b2ChainShape.cpp; sourceTree = "<group>"; };
		633C54DD17AC79290074B887 /* b2ChainShape.h */ = {isa = PBXFileReference; fileEncoding = 4; lastKnownFileType = sourcecode.c.h; path = b2ChainShape.h; sourceTree = "<group>"; };
		633C54DE17AC79290074B887 /* b2CircleShape.cpp */ = {isa = PBXFileReference; fileEncoding = 4; lastKnownFileType = sourcecode.cpp.cpp; path = b2CircleShape.cpp; sourceTree = "<group>"; };
		633C54DF17AC79290074B887 /* b2CircleShape.h */ = {isa = PBXFileReference; fileEncoding = 4; lastKnownFileType = sourcecode.c.h; path = b2CircleShape.h; sourceTree = "<group>"; };
		633C54E017AC79290074B887 /* b2EdgeShape.cpp */ = {isa = PBXFileReference; fileEncoding = 4; lastKnownFileType = sourcecode.cpp.cpp; path = b2EdgeShape.cpp; sourceTree = "<group>"; };
		633C54E117AC79290074B887 /* b2EdgeShape.h */ = {isa = PBXFileReference; fileEncoding = 4; lastKnownFileType = sourcecode.c.h; path = b2EdgeShape.h; sourceTree = "<group>"; };
		633C54E217AC79290074B887 /* b2PolygonShape.cpp */ = {isa = PBXFileReference; fileEncoding = 4; lastKnownFileType = sourcecode.cpp.cpp; path = b2PolygonShape.cpp; sourceTree = "<group>"; };
		633C54E317AC79290074B887 /* b2PolygonShape.h */ = {isa = PBXFileReference; fileEncoding = 4; lastKnownFileType = sourcecode.c.h; path = b2PolygonShape.h; sourceTree = "<group>"; };
		633C54E417AC79290074B887 /* b2Shape.h */ = {isa = PBXFileReference; fileEncoding = 4; lastKnownFileType = sourcecode.c.h; path = b2Shape.h; sourceTree = "<group>"; };
		633C54E617AC79290074B887 /* b2BlockAllocator.cpp */ = {isa = PBXFileReference; fileEncoding = 4; lastKnownFileType = sourcecode.cpp.cpp; path = b2BlockAllocator.cpp; sourceTree = "<group>"; };
		633C54E717AC79290074B887 /* b2BlockAllocator.h */ = {isa = PBXFileReference; fileEncoding = 4; lastKnownFileType = sourcecode.c.h; path = b2BlockAllocator.h; sourceTree = "<group>"; };
		633C54E817AC79290074B887 /* b2Draw.cpp */ = {isa = PBXFileReference; fileEncoding = 4; lastKnownFileType = sourcecode.cpp.cpp; path = b2Draw.cpp; sourceTree = "<group>"; };
		633C54E917AC79290074B887 /* b2Draw.h */ = {isa = PBXFileReference; fileEncoding = 4; lastKnownFileType = sourcecode.c.h; path = b2Draw.h; sourceTree = "<group>"; };
		633C54EA17AC79290074B887 /* b2GrowableStack.h */ = {isa = PBXFileReference; fileEncoding = 4; lastKnownFileType = sourcecode.c.h; path = b2GrowableStack.h; sourceTree = "<group>"; };
		633C54EB17AC79290074B887 /* b2Math.cpp */ = {isa = PBXFileReference; fileEncoding = 4; lastKnownFileType = sourcecode.cpp.cpp; path = b2Math.cpp; sourceTree = "<group>"; };
		633C54EC17AC79290074B887 /* b2Math.h */ = {isa = PBXFileReference; fileEncoding = 4; lastKnownFileType = sourcecode.c.h; path = b2Math.h; sourceTree = "<group>"; };
		633C54ED17AC79290074B887 /* b2Settings.cpp */ = {isa = PBXFileReference; fileEncoding = 4; lastKnownFileType = sourcecode.cpp.cpp; path = b2Settings.cpp; sourceTree = "<group>"; };
		633C54EE17AC79290074B887 /* b2Settings.h */ = {isa = PBXFileReference; fileEncoding = 4; lastKnownFileType = sourcecode.c.h; path = b2Settings.h; sourceTree = "<group>"; };
		633C54EF17AC79290074B887 /* b2StackAllocator.cpp */ = {isa = PBXFileReference; fileEncoding = 4; lastKnownFileType = sourcecode.cpp.cpp; path = b2StackAllocator.cpp; sourceTree = "<group>"; };
		633C54F017AC79290074B887 /* b2StackAllocator.h */ = {isa = PBXFileReference; fileEncoding = 4; lastKnownFileType = sourcecode.c.h; path = b2StackAllocator.h; sourceTree = "<group>"; };
		633C54F117AC79290074B887 /* b2Timer.cpp */ = {isa = PBXFileReference; fileEncoding = 4; lastKnownFileType = sourcecode.cpp.cpp; path = b2Timer.cpp; sourceTree = "<group>"; };
		633C54F217AC79290074B887 /* b2Timer.h */ = {isa = PBXFileReference; fileEncoding = 4; lastKnownFileType = sourcecode.c.h; path = b2Timer.h; sourceTree = "<group>"; };
		633C54F417AC79290074B887 /* b2Body.cpp */ = {isa = PBXFileReference; fileEncoding = 4; lastKnownFileType = sourcecode.cpp.cpp; path = b2Body.cpp; sourceTree = "<group>"; };
		633C54F517AC79290074B887 /* b2Body.h */ = {isa = PBXFileReference; fileEncoding = 4; lastKnownFileType = sourcecode.c.h; path = b2Body.h; sourceTree = "<group>"; };
		633C54F617AC79290074B887 /* b2ContactManager.cpp */ = {isa = PBXFileReference; fileEncoding = 4; lastKnownFileType = sourcecode.cpp.cpp; path = b2ContactManager.cpp; sourceTree = "<group>"; };
		633C54F717AC79290074B887 /* b2ContactManager.h */ = {isa = PBXFileReference; fileEncoding = 4; lastKnownFileType = sourcecode.c.h; path = b2ContactManager.h; sourceTree = "<group>"; };
		633C54F817AC79290074B887 /* b2Fixture.cpp */ = {isa = PBXFileReference; fileEncoding = 4; lastKnownFileType = sourcecode.cpp.cpp; path = b2Fixture.cpp; sourceTree = "<group>"; };
		633C54F917AC79290074B887 /* b2Fixture.h */ = {isa = PBXFileReference; fileEncoding = 4; lastKnownFileType = sourcecode.c.h; path = b2Fixture.h; sourceTree = "<group>"; };
		633C54FA17AC79290074B887 /* b2Island.cpp */ = {isa = PBXFileReference; fileEncoding = 4; lastKnownFileType = sourcecode.cpp.cpp; path = b2Island.cpp; sourceTree = "<group>"; };
		633C54FB17AC79290074B887 /* b2Island.h */ = {isa = PBXFileReference; fileEncoding = 4; lastKnownFileType = sourcecode.c.h; path = b2Island.h; sourceTree = "<group>"; };
		633C54FC17AC79290074B887 /* b2TimeStep.h */ = {isa = PBXFileReference; fileEncoding = 4; lastKnownFileType = sourcecode.c.h; path = b2TimeStep.h; sourceTree = "<group>"; };
		633C54FD17AC79290074B887 /* b2World.cpp */ = {isa = PBXFileReference; fileEncoding = 4; lastKnownFileType = sourcecode.cpp.cpp; path = b2World.cpp; sourceTree = "<group>"; };
		633C54FE17AC79290074B887 /* b2World.h */ = {isa = PBXFileReference; fileEncoding = 4; lastKnownFileType = sourcecode.c.h; path = b2World.h; sourceTree = "<group>"; };
		633C54FF17AC79290074B887 /* b2WorldCallbacks.cpp */ = {isa = PBXFileReference; fileEncoding = 4; lastKnownFileType = sourcecode.cpp.cpp; path = b2WorldCallbacks.cpp; sourceTree = "<group>"; };
		633C550017AC79290074B887 /* b2WorldCallbacks.h */ = {isa = PBXFileReference; fileEncoding = 4; lastKnownFileType = sourcecode.c.h; path = b2WorldCallbacks.h; sourceTree = "<group>"; };
		633C550217AC79290074B887 /* b2ChainAndCircleContact.cpp */ = {isa = PBXFileReference; fileEncoding = 4; lastKnownFileType = sourcecode.cpp.cpp; path = b2ChainAndCircleContact.cpp; sourceTree = "<group>"; };
		633C550317AC79290074B887 /* b2ChainAndCircleContact.h */ = {isa = PBXFileReference; fileEncoding = 4; lastKnownFileType = sourcecode.c.h; path = b2ChainAndCircleContact.h; sourceTree = "<group>"; };
		633C550417AC79290074B887 /* b2ChainAndPolygonContact.cpp */ = {isa = PBXFileReference; fileEncoding = 4; lastKnownFileType = sourcecode.cpp.cpp; path = b2ChainAndPolygonContact.cpp; sourceTree = "<group>"; };
		633C550517AC79290074B887 /* b2ChainAndPolygonContact.h */ = {isa = PBXFileReference; fileEncoding = 4; lastKnownFileType = sourcecode.c.h; path = b2ChainAndPolygonContact.h; sourceTree = "<group>"; };
		633C550617AC79290074B887 /* b2CircleContact.cpp */ = {isa = PBXFileReference; fileEncoding = 4; lastKnownFileType = sourcecode.cpp.cpp; path = b2CircleContact.cpp; sourceTree = "<group>"; };
		633C550717AC79290074B887 /* b2CircleContact.h */ = {isa = PBXFileReference; fileEncoding = 4; lastKnownFileType = sourcecode.c.h; path = b2CircleContact.h; sourceTree = "<group>"; };
		633C550817AC79290074B887 /* b2Contact.cpp */ = {isa = PBXFileReference; fileEncoding = 4; lastKnownFileType = sourcecode.cpp.cpp; path = b2Contact.cpp; sourceTree = "<group>"; };
		633C550917AC79290074B887 /* b2Contact.h */ = {isa = PBXFileReference; fileEncoding = 4; lastKnownFileType = sourcecode.c.h; path = b2Contact.h; sourceTree = "<group>"; };
		633C550A17AC79290074B887 /* b2ContactSolver.cpp */ = {isa = PBXFileReference; fileEncoding = 4; lastKnownFileType = sourcecode.cpp.cpp; path = b2ContactSolver.cpp; sourceTree = "<group>"; };
		633C550B17AC79290074B887 /* b2ContactSolver.h */ = {isa = PBXFileReference; fileEncoding = 4; lastKnownFileType = sourcecode.c.h; path = b2ContactSolver.h; sourceTree = "<group>"; };
		633C550C17AC79290074B887 /* b2EdgeAndCircleContact.cpp */ = {isa = PBXFileReference; fileEncoding = 4; lastKnownFileType = sourcecode.cpp.cpp; path = b2EdgeAndCircleContact.cpp; sourceTree = "<group>"; };
		633C550D17AC79290074B887 /* b2EdgeAndCircleContact.h */ = {isa = PBXFileReference; fileEncoding = 4; lastKnownFileType = sourcecode.c.h; path = b2EdgeAndCircleContact.h; sourceTree = "<group>"; };
		633C550E17AC79290074B887 /* b2EdgeAndPolygonContact.cpp */ = {isa = PBXFileReference; fileEncoding = 4; lastKnownFileType = sourcecode.cpp.cpp; path = b2EdgeAndPolygonContact.cpp; sourceTree = "<group>"; };
		633C550F17AC79290074B887 /* b2EdgeAndPolygonContact.h */ = {isa = PBXFileReference; fileEncoding = 4; lastKnownFileType = sourcecode.c.h; path = b2EdgeAndPolygonContact.h; sourceTree = "<group>"; };
		633C551017AC79290074B887 /* b2PolygonAndCircleContact.cpp */ = {isa = PBXFileReference; fileEncoding = 4; lastKnownFileType = sourcecode.cpp.cpp; path = b2PolygonAndCircleContact.cpp; sourceTree = "<group>"; };
		633C551117AC79290074B887 /* b2PolygonAndCircleContact.h */ = {isa = PBXFileReference; fileEncoding = 4; lastKnownFileType = sourcecode.c.h; path = b2PolygonAndCircleContact.h; sourceTree = "<group>"; };
		633C551217AC79290074B887 /* b2PolygonContact.cpp */ = {isa = PBXFileReference; fileEncoding = 4; lastKnownFileType = sourcecode.cpp.cpp; path = b2PolygonContact.cpp; sourceTree = "<group>"; };
		633C551317AC79290074B887 /* b2PolygonContact.h */ = {isa = PBXFileReference; fileEncoding = 4; lastKnownFileType = sourcecode.c.h; path = b2PolygonContact.h; sourceTree = "<group>"; };
		633C551517AC79290074B887 /* b2DistanceJoint.cpp */ = {isa = PBXFileReference; fileEncoding = 4; lastKnownFileType = sourcecode.cpp.cpp; path = b2DistanceJoint.cpp; sourceTree = "<group>"; };
		633C551617AC79290074B887 /* b2DistanceJoint.h */ = {isa = PBXFileReference; fileEncoding = 4; lastKnownFileType = sourcecode.c.h; path = b2DistanceJoint.h; sourceTree = "<group>"; };
		633C551717AC79290074B887 /* b2FrictionJoint.cpp */ = {isa = PBXFileReference; fileEncoding = 4; lastKnownFileType = sourcecode.cpp.cpp; path = b2FrictionJoint.cpp; sourceTree = "<group>"; };
		633C551817AC79290074B887 /* b2FrictionJoint.h */ = {isa = PBXFileReference; fileEncoding = 4; lastKnownFileType = sourcecode.c.h; path = b2FrictionJoint.h; sourceTree = "<group>"; };
		633C551917AC79290074B887 /* b2GearJoint.cpp */ = {isa = PBXFileReference; fileEncoding = 4; lastKnownFileType = sourcecode.cpp.cpp; path = b2GearJoint.cpp; sourceTree = "<group>"; };
		633C551A17AC79290074B887 /* b2GearJoint.h */ = {isa = PBXFileReference; fileEncoding = 4; lastKnownFileType = sourcecode.c.h; path = b2GearJoint.h; sourceTree = "<group>"; };
		633C551B17AC79290074B887 /* b2Joint.cpp */ = {isa = PBXFileReference; fileEncoding = 4; lastKnownFileType = sourcecode.cpp.cpp; path = b2Joint.cpp; sourceTree = "<group>"; };
		633C551C17AC79290074B887 /* b2Joint.h */ = {isa = PBXFileReference; fileEncoding = 4; lastKnownFileType = sourcecode.c.h; path = b2Joint.h; sourceTree = "<group>"; };
		633C551D17AC79290074B887 /* b2MouseJoint.cpp */ = {isa = PBXFileReference; fileEncoding = 4; lastKnownFileType = sourcecode.cpp.cpp; path = b2MouseJoint.cpp; sourceTree = "<group>"; };
		633C551E17AC79290074B887 /* b2MouseJoint.h */ = {isa = PBXFileReference; fileEncoding = 4; lastKnownFileType = sourcecode.c.h; path = b2MouseJoint.h; sourceTree = "<group>"; };
		633C551F17AC79290074B887 /* b2PrismaticJoint.cpp */ = {isa = PBXFileReference; fileEncoding = 4; lastKnownFileType = sourcecode.cpp.cpp; path = b2PrismaticJoint.cpp; sourceTree = "<group>"; };
		633C552017AC79290074B887 /* b2PrismaticJoint.h */ = {isa = PBXFileReference; fileEncoding = 4; lastKnownFileType = sourcecode.c.h; path = b2PrismaticJoint.h; sourceTree = "<group>"; };
		633C552117AC79290074B887 /* b2PulleyJoint.cpp */ = {isa = PBXFileReference; fileEncoding = 4; lastKnownFileType = sourcecode.cpp.cpp; path = b2PulleyJoint.cpp; sourceTree = "<group>"; };
		633C552217AC79290074B887 /* b2PulleyJoint.h */ = {isa = PBXFileReference; fileEncoding = 4; lastKnownFileType = sourcecode.c.h; path = b2PulleyJoint.h; sourceTree = "<group>"; };
		633C552317AC79290074B887 /* b2RevoluteJoint.cpp */ = {isa = PBXFileReference; fileEncoding = 4; lastKnownFileType = sourcecode.cpp.cpp; path = b2RevoluteJoint.cpp; sourceTree = "<group>"; };
		633C552417AC79290074B887 /* b2RevoluteJoint.h */ = {isa = PBXFileReference; fileEncoding = 4; lastKnownFileType = sourcecode.c.h; path = b2RevoluteJoint.h; sourceTree = "<group>"; };
		633C552517AC79290074B887 /* b2RopeJoint.cpp */ = {isa = PBXFileReference; fileEncoding = 4; lastKnownFileType = sourcecode.cpp.cpp; path = b2RopeJoint.cpp; sourceTree = "<group>"; };
		633C552617AC79290074B887 /* b2RopeJoint.h */ = {isa = PBXFileReference; fileEncoding = 4; lastKnownFileType = sourcecode.c.h; path = b2RopeJoint.h; sourceTree = "<group>"; };
		633C552717AC79290074B887 /* b2WeldJoint.cpp */ = {isa = PBXFileReference; fileEncoding = 4; lastKnownFileType = sourcecode.cpp.cpp; path = b2WeldJoint.cpp; sourceTree = "<group>"; };
		633C552817AC79290074B887 /* b2WeldJoint.h */ = {isa = PBXFileReference; fileEncoding = 4; lastKnownFileType = sourcecode.c.h; path = b2WeldJoint.h; sourceTree = "<group>"; };
		633C552917AC79290074B887 /* b2WheelJoint.cpp */ = {isa = PBXFileReference; fileEncoding = 4; lastKnownFileType = sourcecode.cpp.cpp; path = b2WheelJoint.cpp; sourceTree = "<group>"; };
		633C552A17AC79290074B887 /* b2WheelJoint.h */ = {isa = PBXFileReference; fileEncoding = 4; lastKnownFileType = sourcecode.c.h; path = b2WheelJoint.h; sourceTree = "<group>"; };
		633C552C17AC79290074B887 /* b2Rope.cpp */ = {isa = PBXFileReference; fileEncoding = 4; lastKnownFileType = sourcecode.cpp.cpp; path = b2Rope.cpp; sourceTree = "<group>"; };
		633C552D17AC79290074B887 /* b2Rope.h */ = {isa = PBXFileReference; fileEncoding = 4; lastKnownFileType = sourcecode.c.h; path = b2Rope.h; sourceTree = "<group>"; };
		7AFEF42D178D065C0074830D /* PHYPushBehavior.h */ = {isa = PBXFileReference; fileEncoding = 4; lastKnownFileType = sourcecode.c.h; path = PHYPushBehavior.h; sourceTree = "<group>"; };
		7AFEF42E178D065C0074830D /* PHYPushBehavior.m */ = {isa = PBXFileReference; fileEncoding = 4; lastKnownFileType = sourcecode.c.objc; path = PHYPushBehavior.m; sourceTree = "<group>"; };
		7AFEF431178D07A40074830D /* PHYSnapBehavior.h */ = {isa = PBXFileReference; fileEncoding = 4; lastKnownFileType = sourcecode.c.h; path = PHYSnapBehavior.h; sourceTree = "<group>"; };
		7AFEF432178D07A40074830D /* PHYSnapBehavior.m */ = {isa = PBXFileReference; fileEncoding = 4; lastKnownFileType = sourcecode.c.objc; path = PHYSnapBehavior.m; sourceTree = "<group>"; };
/* End PBXFileReference section */

/* Begin PBXFrameworksBuildPhase section */
		2D951111177A264C00196C2C /* Frameworks */ = {
			isa = PBXFrameworksBuildPhase;
			buildActionMask = 2147483647;
			files = (
				2D92946E178E2BBB00649568 /* CoreVideo.framework in Frameworks */,
				6313788E177A299A0016F625 /* QuartzCore.framework in Frameworks */,
				2D951119177A264C00196C2C /* Cocoa.framework in Frameworks */,
			);
			runOnlyForDeploymentPostprocessing = 0;
		};
/* End PBXFrameworksBuildPhase section */

/* Begin PBXGroup section */
		2D4A4DC117A4038D00B99F05 /* Physics */ = {
			isa = PBXGroup;
			children = (
				2D4A4DC217A403A500B99F05 /* CDStructures.h */,
				2D4A4DC317A403A500B99F05 /* NSCoder-PHYPath.h */,
				2D4A4DC417A403A500B99F05 /* NSCoding-Protocol.h */,
				2D4A4DC517A403A500B99F05 /* NSCopying-Protocol.h */,
				2D4A4DC617A403A500B99F05 /* NSValue-PHYPath.h */,
				2D4A4DC717A403A500B99F05 /* PHYBody.h */,
				2D1768DF17ABEE6200761FEC /* PHYBody.m */,
				2D4A4DC817A403A500B99F05 /* PHYContact.h */,
				2D4A4DC917A403A500B99F05 /* PHYJoint.h */,
				2D4A4DCA17A403A500B99F05 /* PHYJointDistance.h */,
				2D4A4DCB17A403A500B99F05 /* PHYJointPrismatic.h */,
				2D4A4DCC17A403A500B99F05 /* PHYJointRevolute.h */,
				2D4A4DCD17A403A500B99F05 /* PHYJointRope.h */,
				2D4A4DCE17A403A500B99F05 /* PHYJointWeld.h */,
				2D4A4DCF17A403A500B99F05 /* PHYWorld.h */,
				2D094B3317A4087F00003684 /* PHYWorld.m */,
				2DAF05B317AABB3900C7DE2C /* PHYGeometry.h */,
			);
			name = Physics;
			sourceTree = "<group>";
		};
		2D95110B177A264C00196C2C = {
			isa = PBXGroup;
			children = (
				2D95111E177A264C00196C2C /* PHYKit */,
				633C54C917AC79290074B887 /* Box2D */,
				2D951117177A264C00196C2C /* Frameworks */,
				2D951116177A264C00196C2C /* Products */,
			);
			sourceTree = "<group>";
		};
		2D951116177A264C00196C2C /* Products */ = {
			isa = PBXGroup;
			children = (
				2D951115177A264C00196C2C /* PHYKit.framework */,
			);
			name = Products;
			sourceTree = "<group>";
		};
		2D951117177A264C00196C2C /* Frameworks */ = {
			isa = PBXGroup;
			children = (
				2D92946D178E2BBB00649568 /* CoreVideo.framework */,
				6313788D177A299A0016F625 /* QuartzCore.framework */,
				2D951118177A264C00196C2C /* Cocoa.framework */,
				2D95111A177A264C00196C2C /* Other Frameworks */,
			);
			name = Frameworks;
			sourceTree = "<group>";
		};
		2D95111A177A264C00196C2C /* Other Frameworks */ = {
			isa = PBXGroup;
			children = (
				2D95111B177A264C00196C2C /* AppKit.framework */,
				2D95111C177A264C00196C2C /* CoreData.framework */,
				2D95111D177A264C00196C2C /* Foundation.framework */,
			);
			name = "Other Frameworks";
			sourceTree = "<group>";
		};
		2D95111E177A264C00196C2C /* PHYKit */ = {
			isa = PBXGroup;
			children = (
				2D951125177A264C00196C2C /* PHYKit.h */,
				2D95112D177A267200196C2C /* PHYDynamicAnimator.h */,
				2D95112E177A267200196C2C /* PHYDynamicAnimator.m */,
				2D4A4DC117A4038D00B99F05 /* Physics */,
				63D299AF179B9CCA0098490B /* Behaviors */,
				2D951131177A267200196C2C /* PHYView.h */,
				2D951132177A267200196C2C /* PHYView.m */,
				2D95111F177A264C00196C2C /* Supporting Files */,
			);
			path = PHYKit;
			sourceTree = "<group>";
		};
		2D95111F177A264C00196C2C /* Supporting Files */ = {
			isa = PBXGroup;
			children = (
				2D951120177A264C00196C2C /* PHYKit-Info.plist */,
				2D951121177A264C00196C2C /* InfoPlist.strings */,
				2D951124177A264C00196C2C /* PHYKit-Prefix.pch */,
			);
			name = "Supporting Files";
			sourceTree = "<group>";
		};
		633C54C917AC79290074B887 /* Box2D */ = {
			isa = PBXGroup;
			children = (
				633C54CA17AC79290074B887 /* Box2D.h */,
				633C54CB17AC79290074B887 /* Box2DConfig.cmake */,
				633C54CC17AC79290074B887 /* CMakeLists.txt */,
				633C54CD17AC79290074B887 /* Collision */,
				633C54E517AC79290074B887 /* Common */,
				633C54F317AC79290074B887 /* Dynamics */,
				633C552B17AC79290074B887 /* Rope */,
			);
			path = Box2D;
			sourceTree = "<group>";
		};
		633C54CD17AC79290074B887 /* Collision */ = {
			isa = PBXGroup;
			children = (
				633C54CE17AC79290074B887 /* b2BroadPhase.cpp */,
				633C54CF17AC79290074B887 /* b2BroadPhase.h */,
				633C54D017AC79290074B887 /* b2CollideCircle.cpp */,
				633C54D117AC79290074B887 /* b2CollideEdge.cpp */,
				633C54D217AC79290074B887 /* b2CollidePolygon.cpp */,
				633C54D317AC79290074B887 /* b2Collision.cpp */,
				633C54D417AC79290074B887 /* b2Collision.h */,
				633C54D517AC79290074B887 /* b2Distance.cpp */,
				633C54D617AC79290074B887 /* b2Distance.h */,
				633C54D717AC79290074B887 /* b2DynamicTree.cpp */,
				633C54D817AC79290074B887 /* b2DynamicTree.h */,
				633C54D917AC79290074B887 /* b2TimeOfImpact.cpp */,
				633C54DA17AC79290074B887 /* b2TimeOfImpact.h */,
				633C54DB17AC79290074B887 /* Shapes */,
			);
			path = Collision;
			sourceTree = "<group>";
		};
		633C54DB17AC79290074B887 /* Shapes */ = {
			isa = PBXGroup;
			children = (
				633C54DC17AC79290074B887 /* b2ChainShape.cpp */,
				633C54DD17AC79290074B887 /* b2ChainShape.h */,
				633C54DE17AC79290074B887 /* b2CircleShape.cpp */,
				633C54DF17AC79290074B887 /* b2CircleShape.h */,
				633C54E017AC79290074B887 /* b2EdgeShape.cpp */,
				633C54E117AC79290074B887 /* b2EdgeShape.h */,
				633C54E217AC79290074B887 /* b2PolygonShape.cpp */,
				633C54E317AC79290074B887 /* b2PolygonShape.h */,
				633C54E417AC79290074B887 /* b2Shape.h */,
			);
			path = Shapes;
			sourceTree = "<group>";
		};
		633C54E517AC79290074B887 /* Common */ = {
			isa = PBXGroup;
			children = (
				633C54E617AC79290074B887 /* b2BlockAllocator.cpp */,
				633C54E717AC79290074B887 /* b2BlockAllocator.h */,
				633C54E817AC79290074B887 /* b2Draw.cpp */,
				633C54E917AC79290074B887 /* b2Draw.h */,
				633C54EA17AC79290074B887 /* b2GrowableStack.h */,
				633C54EB17AC79290074B887 /* b2Math.cpp */,
				633C54EC17AC79290074B887 /* b2Math.h */,
				633C54ED17AC79290074B887 /* b2Settings.cpp */,
				633C54EE17AC79290074B887 /* b2Settings.h */,
				633C54EF17AC79290074B887 /* b2StackAllocator.cpp */,
				633C54F017AC79290074B887 /* b2StackAllocator.h */,
				633C54F117AC79290074B887 /* b2Timer.cpp */,
				633C54F217AC79290074B887 /* b2Timer.h */,
			);
			path = Common;
			sourceTree = "<group>";
		};
		633C54F317AC79290074B887 /* Dynamics */ = {
			isa = PBXGroup;
			children = (
				633C54F417AC79290074B887 /* b2Body.cpp */,
				633C54F517AC79290074B887 /* b2Body.h */,
				633C54F617AC79290074B887 /* b2ContactManager.cpp */,
				633C54F717AC79290074B887 /* b2ContactManager.h */,
				633C54F817AC79290074B887 /* b2Fixture.cpp */,
				633C54F917AC79290074B887 /* b2Fixture.h */,
				633C54FA17AC79290074B887 /* b2Island.cpp */,
				633C54FB17AC79290074B887 /* b2Island.h */,
				633C54FC17AC79290074B887 /* b2TimeStep.h */,
				633C54FD17AC79290074B887 /* b2World.cpp */,
				633C54FE17AC79290074B887 /* b2World.h */,
				633C54FF17AC79290074B887 /* b2WorldCallbacks.cpp */,
				633C550017AC79290074B887 /* b2WorldCallbacks.h */,
				633C550117AC79290074B887 /* Contacts */,
				633C551417AC79290074B887 /* Joints */,
			);
			path = Dynamics;
			sourceTree = "<group>";
		};
		633C550117AC79290074B887 /* Contacts */ = {
			isa = PBXGroup;
			children = (
				633C550217AC79290074B887 /* b2ChainAndCircleContact.cpp */,
				633C550317AC79290074B887 /* b2ChainAndCircleContact.h */,
				633C550417AC79290074B887 /* b2ChainAndPolygonContact.cpp */,
				633C550517AC79290074B887 /* b2ChainAndPolygonContact.h */,
				633C550617AC79290074B887 /* b2CircleContact.cpp */,
				633C550717AC79290074B887 /* b2CircleContact.h */,
				633C550817AC79290074B887 /* b2Contact.cpp */,
				633C550917AC79290074B887 /* b2Contact.h */,
				633C550A17AC79290074B887 /* b2ContactSolver.cpp */,
				633C550B17AC79290074B887 /* b2ContactSolver.h */,
				633C550C17AC79290074B887 /* b2EdgeAndCircleContact.cpp */,
				633C550D17AC79290074B887 /* b2EdgeAndCircleContact.h */,
				633C550E17AC79290074B887 /* b2EdgeAndPolygonContact.cpp */,
				633C550F17AC79290074B887 /* b2EdgeAndPolygonContact.h */,
				633C551017AC79290074B887 /* b2PolygonAndCircleContact.cpp */,
				633C551117AC79290074B887 /* b2PolygonAndCircleContact.h */,
				633C551217AC79290074B887 /* b2PolygonContact.cpp */,
				633C551317AC79290074B887 /* b2PolygonContact.h */,
			);
			path = Contacts;
			sourceTree = "<group>";
		};
		633C551417AC79290074B887 /* Joints */ = {
			isa = PBXGroup;
			children = (
				633C551517AC79290074B887 /* b2DistanceJoint.cpp */,
				633C551617AC79290074B887 /* b2DistanceJoint.h */,
				633C551717AC79290074B887 /* b2FrictionJoint.cpp */,
				633C551817AC79290074B887 /* b2FrictionJoint.h */,
				633C551917AC79290074B887 /* b2GearJoint.cpp */,
				633C551A17AC79290074B887 /* b2GearJoint.h */,
				633C551B17AC79290074B887 /* b2Joint.cpp */,
				633C551C17AC79290074B887 /* b2Joint.h */,
				633C551D17AC79290074B887 /* b2MouseJoint.cpp */,
				633C551E17AC79290074B887 /* b2MouseJoint.h */,
				633C551F17AC79290074B887 /* b2PrismaticJoint.cpp */,
				633C552017AC79290074B887 /* b2PrismaticJoint.h */,
				633C552117AC79290074B887 /* b2PulleyJoint.cpp */,
				633C552217AC79290074B887 /* b2PulleyJoint.h */,
				633C552317AC79290074B887 /* b2RevoluteJoint.cpp */,
				633C552417AC79290074B887 /* b2RevoluteJoint.h */,
				633C552517AC79290074B887 /* b2RopeJoint.cpp */,
				633C552617AC79290074B887 /* b2RopeJoint.h */,
				633C552717AC79290074B887 /* b2WeldJoint.cpp */,
				633C552817AC79290074B887 /* b2WeldJoint.h */,
				633C552917AC79290074B887 /* b2WheelJoint.cpp */,
				633C552A17AC79290074B887 /* b2WheelJoint.h */,
			);
			path = Joints;
			sourceTree = "<group>";
		};
		633C552B17AC79290074B887 /* Rope */ = {
			isa = PBXGroup;
			children = (
				633C552C17AC79290074B887 /* b2Rope.cpp */,
				633C552D17AC79290074B887 /* b2Rope.h */,
			);
			path = Rope;
			sourceTree = "<group>";
		};
		63D299AF179B9CCA0098490B /* Behaviors */ = {
			isa = PBXGroup;
			children = (
				2D95112F177A267200196C2C /* PHYDynamicBehavior.h */,
				2D951130177A267200196C2C /* PHYDynamicBehavior.m */,
				2D951144177A286000196C2C /* PHYDynamicItemBehavior.h */,
				2D951145177A286000196C2C /* PHYDynamicItemBehavior.m */,
				2D458635177E6CFE0000096B /* PHYGravityBehavior.h */,
				2D458636177E6CFE0000096B /* PHYGravityBehavior.m */,
				2D458639177F0B1F0000096B /* PHYCollisionBehavior.h */,
				2D45863A177F0B1F0000096B /* PHYCollisionBehavior.m */,
				7AFEF42D178D065C0074830D /* PHYPushBehavior.h */,
				7AFEF42E178D065C0074830D /* PHYPushBehavior.m */,
				7AFEF431178D07A40074830D /* PHYSnapBehavior.h */,
				7AFEF432178D07A40074830D /* PHYSnapBehavior.m */,
			);
			name = Behaviors;
			sourceTree = "<group>";
		};
/* End PBXGroup section */

/* Begin PBXHeadersBuildPhase section */
		2D951112177A264C00196C2C /* Headers */ = {
			isa = PBXHeadersBuildPhase;
			buildActionMask = 2147483647;
			files = (
				2D951148177A28C700196C2C /* PHYKit.h in Headers */,
				2D094B2517A4083800003684 /* CDStructures.h in Headers */,
				2D094B2617A4083800003684 /* NSCoder-PHYPath.h in Headers */,
				2D094B2717A4083800003684 /* NSCoding-Protocol.h in Headers */,
				2D094B2817A4083800003684 /* NSCopying-Protocol.h in Headers */,
				2D094B2917A4083800003684 /* NSValue-PHYPath.h in Headers */,
				2D094B2A17A4083800003684 /* PHYBody.h in Headers */,
				2D094B2B17A4083800003684 /* PHYContact.h in Headers */,
				2D094B2C17A4083800003684 /* PHYJoint.h in Headers */,
				2D094B2D17A4083800003684 /* PHYJointDistance.h in Headers */,
				2D094B2E17A4083800003684 /* PHYJointPrismatic.h in Headers */,
				2D094B2F17A4083800003684 /* PHYJointRevolute.h in Headers */,
				2D094B3017A4083800003684 /* PHYJointRope.h in Headers */,
				2D094B3117A4083800003684 /* PHYJointWeld.h in Headers */,
				2D094B3217A4083800003684 /* PHYWorld.h in Headers */,
				2D951133177A267200196C2C /* PHYDynamicAnimator.h in Headers */,
				2D951135177A267200196C2C /* PHYDynamicBehavior.h in Headers */,
				2D458637177E6CFE0000096B /* PHYGravityBehavior.h in Headers */,
				2D45863B177F0B1F0000096B /* PHYCollisionBehavior.h in Headers */,
				2D951137177A267200196C2C /* PHYView.h in Headers */,
				2D951146177A286000196C2C /* PHYDynamicItemBehavior.h in Headers */,
				7AFEF42F178D065C0074830D /* PHYPushBehavior.h in Headers */,
				7AFEF433178D07A40074830D /* PHYSnapBehavior.h in Headers */,
				2DAF05B517AABB3900C7DE2C /* PHYGeometry.h in Headers */,
				633C552E17AC79290074B887 /* Box2D.h in Headers */,
				633C553217AC79290074B887 /* b2BroadPhase.h in Headers */,
				633C553717AC79290074B887 /* b2Collision.h in Headers */,
				633C553917AC79290074B887 /* b2Distance.h in Headers */,
				633C553B17AC79290074B887 /* b2DynamicTree.h in Headers */,
				633C553D17AC79290074B887 /* b2TimeOfImpact.h in Headers */,
				633C553F17AC79290074B887 /* b2ChainShape.h in Headers */,
				633C554117AC79290074B887 /* b2CircleShape.h in Headers */,
				633C554317AC79290074B887 /* b2EdgeShape.h in Headers */,
				633C554517AC79290074B887 /* b2PolygonShape.h in Headers */,
				633C554617AC79290074B887 /* b2Shape.h in Headers */,
				633C554817AC79290074B887 /* b2BlockAllocator.h in Headers */,
				633C554A17AC79290074B887 /* b2Draw.h in Headers */,
				633C554B17AC79290074B887 /* b2GrowableStack.h in Headers */,
				633C554D17AC79290074B887 /* b2Math.h in Headers */,
				633C554F17AC79290074B887 /* b2Settings.h in Headers */,
				633C555117AC79290074B887 /* b2StackAllocator.h in Headers */,
				633C555317AC79290074B887 /* b2Timer.h in Headers */,
				633C555517AC79290074B887 /* b2Body.h in Headers */,
				633C555717AC79290074B887 /* b2ContactManager.h in Headers */,
				633C555917AC79290074B887 /* b2Fixture.h in Headers */,
				633C555B17AC79290074B887 /* b2Island.h in Headers */,
				633C555C17AC79290074B887 /* b2TimeStep.h in Headers */,
				633C555E17AC79290074B887 /* b2World.h in Headers */,
				633C556017AC79290074B887 /* b2WorldCallbacks.h in Headers */,
				633C556217AC79290074B887 /* b2ChainAndCircleContact.h in Headers */,
				633C556417AC79290074B887 /* b2ChainAndPolygonContact.h in Headers */,
				633C556617AC79290074B887 /* b2CircleContact.h in Headers */,
				633C556817AC79290074B887 /* b2Contact.h in Headers */,
				633C556A17AC79290074B887 /* b2ContactSolver.h in Headers */,
				633C556C17AC79290074B887 /* b2EdgeAndCircleContact.h in Headers */,
				633C556E17AC79290074B887 /* b2EdgeAndPolygonContact.h in Headers */,
				633C557017AC79290074B887 /* b2PolygonAndCircleContact.h in Headers */,
				633C557217AC79290074B887 /* b2PolygonContact.h in Headers */,
				633C557417AC79290074B887 /* b2DistanceJoint.h in Headers */,
				633C557617AC79290074B887 /* b2FrictionJoint.h in Headers */,
				633C557817AC79290074B887 /* b2GearJoint.h in Headers */,
				633C557A17AC79290074B887 /* b2Joint.h in Headers */,
				633C557C17AC79290074B887 /* b2MouseJoint.h in Headers */,
				633C557E17AC79290074B887 /* b2PrismaticJoint.h in Headers */,
				633C558017AC79290074B887 /* b2PulleyJoint.h in Headers */,
				633C558217AC79290074B887 /* b2RevoluteJoint.h in Headers */,
				633C558417AC79290074B887 /* b2RopeJoint.h in Headers */,
				633C558617AC79290074B887 /* b2WeldJoint.h in Headers */,
				633C558817AC79290074B887 /* b2WheelJoint.h in Headers */,
				633C558A17AC79290074B887 /* b2Rope.h in Headers */,
			);
			runOnlyForDeploymentPostprocessing = 0;
		};
/* End PBXHeadersBuildPhase section */

/* Begin PBXNativeTarget section */
		2D951114177A264C00196C2C /* PHYKit */ = {
			isa = PBXNativeTarget;
			buildConfigurationList = 2D95112A177A264C00196C2C /* Build configuration list for PBXNativeTarget "PHYKit" */;
			buildPhases = (
				2D951110177A264C00196C2C /* Sources */,
				2D951111177A264C00196C2C /* Frameworks */,
				2D951112177A264C00196C2C /* Headers */,
				2D951113177A264C00196C2C /* Resources */,
			);
			buildRules = (
			);
			dependencies = (
			);
			name = PHYKit;
			productName = PHYKit;
			productReference = 2D951115177A264C00196C2C /* PHYKit.framework */;
			productType = "com.apple.product-type.framework";
		};
/* End PBXNativeTarget section */

/* Begin PBXProject section */
		2D95110C177A264C00196C2C /* Project object */ = {
			isa = PBXProject;
			attributes = {
				CLASSPREFIX = PHY;
				LastUpgradeCheck = 0460;
				ORGANIZATIONNAME = "Nora Trapp";
			};
			buildConfigurationList = 2D95110F177A264C00196C2C /* Build configuration list for PBXProject "PHYKit" */;
			compatibilityVersion = "Xcode 3.2";
			developmentRegion = English;
			hasScannedForEncodings = 0;
			knownRegions = (
				en,
			);
			mainGroup = 2D95110B177A264C00196C2C;
			productRefGroup = 2D951116177A264C00196C2C /* Products */;
			projectDirPath = "";
			projectRoot = "";
			targets = (
				2D951114177A264C00196C2C /* PHYKit */,
			);
		};
/* End PBXProject section */

/* Begin PBXResourcesBuildPhase section */
		2D951113177A264C00196C2C /* Resources */ = {
			isa = PBXResourcesBuildPhase;
			buildActionMask = 2147483647;
			files = (
				2D951123177A264C00196C2C /* InfoPlist.strings in Resources */,
				633C552F17AC79290074B887 /* Box2DConfig.cmake in Resources */,
				633C553017AC79290074B887 /* CMakeLists.txt in Resources */,
			);
			runOnlyForDeploymentPostprocessing = 0;
		};
/* End PBXResourcesBuildPhase section */

/* Begin PBXSourcesBuildPhase section */
		2D951110177A264C00196C2C /* Sources */ = {
			isa = PBXSourcesBuildPhase;
			buildActionMask = 2147483647;
			files = (
				2D951134177A267200196C2C /* PHYDynamicAnimator.m in Sources */,
				2D951136177A267200196C2C /* PHYDynamicBehavior.m in Sources */,
				2D45863C177F0B1F0000096B /* PHYCollisionBehavior.m in Sources */,
				2D951138177A267200196C2C /* PHYView.m in Sources */,
				2D951147177A286000196C2C /* PHYDynamicItemBehavior.m in Sources */,
				2D458638177E6CFE0000096B /* PHYGravityBehavior.m in Sources */,
				7AFEF430178D065C0074830D /* PHYPushBehavior.m in Sources */,
				7AFEF434178D07A40074830D /* PHYSnapBehavior.m in Sources */,
				2D094B3417A4087F00003684 /* PHYWorld.m in Sources */,
				2D1768E017ABEE6200761FEC /* PHYBody.m in Sources */,
				633C553117AC79290074B887 /* b2BroadPhase.cpp in Sources */,
				633C553317AC79290074B887 /* b2CollideCircle.cpp in Sources */,
				633C553417AC79290074B887 /* b2CollideEdge.cpp in Sources */,
				633C553517AC79290074B887 /* b2CollidePolygon.cpp in Sources */,
				633C553617AC79290074B887 /* b2Collision.cpp in Sources */,
				633C553817AC79290074B887 /* b2Distance.cpp in Sources */,
				633C553A17AC79290074B887 /* b2DynamicTree.cpp in Sources */,
				633C553C17AC79290074B887 /* b2TimeOfImpact.cpp in Sources */,
				633C553E17AC79290074B887 /* b2ChainShape.cpp in Sources */,
				633C554017AC79290074B887 /* b2CircleShape.cpp in Sources */,
				633C554217AC79290074B887 /* b2EdgeShape.cpp in Sources */,
				633C554417AC79290074B887 /* b2PolygonShape.cpp in Sources */,
				633C554717AC79290074B887 /* b2BlockAllocator.cpp in Sources */,
				633C554917AC79290074B887 /* b2Draw.cpp in Sources */,
				633C554C17AC79290074B887 /* b2Math.cpp in Sources */,
				633C554E17AC79290074B887 /* b2Settings.cpp in Sources */,
				633C555017AC79290074B887 /* b2StackAllocator.cpp in Sources */,
				633C555217AC79290074B887 /* b2Timer.cpp in Sources */,
				633C555417AC79290074B887 /* b2Body.cpp in Sources */,
				633C555617AC79290074B887 /* b2ContactManager.cpp in Sources */,
				633C555817AC79290074B887 /* b2Fixture.cpp in Sources */,
				633C555A17AC79290074B887 /* b2Island.cpp in Sources */,
				633C555D17AC79290074B887 /* b2World.cpp in Sources */,
				633C555F17AC79290074B887 /* b2WorldCallbacks.cpp in Sources */,
				633C556117AC79290074B887 /* b2ChainAndCircleContact.cpp in Sources */,
				633C556317AC79290074B887 /* b2ChainAndPolygonContact.cpp in Sources */,
				633C556517AC79290074B887 /* b2CircleContact.cpp in Sources */,
				633C556717AC79290074B887 /* b2Contact.cpp in Sources */,
				633C556917AC79290074B887 /* b2ContactSolver.cpp in Sources */,
				633C556B17AC79290074B887 /* b2EdgeAndCircleContact.cpp in Sources */,
				633C556D17AC79290074B887 /* b2EdgeAndPolygonContact.cpp in Sources */,
				633C556F17AC79290074B887 /* b2PolygonAndCircleContact.cpp in Sources */,
				633C557117AC79290074B887 /* b2PolygonContact.cpp in Sources */,
				633C557317AC79290074B887 /* b2DistanceJoint.cpp in Sources */,
				633C557517AC79290074B887 /* b2FrictionJoint.cpp in Sources */,
				633C557717AC79290074B887 /* b2GearJoint.cpp in Sources */,
				633C557917AC79290074B887 /* b2Joint.cpp in Sources */,
				633C557B17AC79290074B887 /* b2MouseJoint.cpp in Sources */,
				633C557D17AC79290074B887 /* b2PrismaticJoint.cpp in Sources */,
				633C557F17AC79290074B887 /* b2PulleyJoint.cpp in Sources */,
				633C558117AC79290074B887 /* b2RevoluteJoint.cpp in Sources */,
				633C558317AC79290074B887 /* b2RopeJoint.cpp in Sources */,
				633C558517AC79290074B887 /* b2WeldJoint.cpp in Sources */,
				633C558717AC79290074B887 /* b2WheelJoint.cpp in Sources */,
				633C558917AC79290074B887 /* b2Rope.cpp in Sources */,
			);
			runOnlyForDeploymentPostprocessing = 0;
		};
/* End PBXSourcesBuildPhase section */

/* Begin PBXVariantGroup section */
		2D951121177A264C00196C2C /* InfoPlist.strings */ = {
			isa = PBXVariantGroup;
			children = (
				2D951122177A264C00196C2C /* en */,
			);
			name = InfoPlist.strings;
			sourceTree = "<group>";
		};
/* End PBXVariantGroup section */

/* Begin XCBuildConfiguration section */
		2D951128177A264C00196C2C /* Debug */ = {
			isa = XCBuildConfiguration;
			buildSettings = {
				ALWAYS_SEARCH_USER_PATHS = NO;
				ARCHS = "$(ARCHS_STANDARD_64_BIT)";
				CLANG_CXX_LANGUAGE_STANDARD = "gnu++0x";
				CLANG_CXX_LIBRARY = "libc++";
				CLANG_ENABLE_OBJC_ARC = YES;
				CLANG_WARN_CONSTANT_CONVERSION = YES;
				CLANG_WARN_EMPTY_BODY = YES;
				CLANG_WARN_ENUM_CONVERSION = YES;
				CLANG_WARN_INT_CONVERSION = YES;
				CLANG_WARN__DUPLICATE_METHOD_MATCH = YES;
				COPY_PHASE_STRIP = NO;
				GCC_C_LANGUAGE_STANDARD = gnu99;
				GCC_DYNAMIC_NO_PIC = NO;
				GCC_ENABLE_OBJC_EXCEPTIONS = YES;
				GCC_OPTIMIZATION_LEVEL = 0;
				GCC_PREPROCESSOR_DEFINITIONS = (
					"DEBUG=1",
					"$(inherited)",
				);
				GCC_SYMBOLS_PRIVATE_EXTERN = NO;
				GCC_WARN_64_TO_32_BIT_CONVERSION = YES;
				GCC_WARN_ABOUT_RETURN_TYPE = YES;
				GCC_WARN_UNINITIALIZED_AUTOS = YES;
				GCC_WARN_UNUSED_VARIABLE = YES;
				MACOSX_DEPLOYMENT_TARGET = 10.8;
				ONLY_ACTIVE_ARCH = YES;
				SDKROOT = macosx;
			};
			name = Debug;
		};
		2D951129177A264C00196C2C /* Release */ = {
			isa = XCBuildConfiguration;
			buildSettings = {
				ALWAYS_SEARCH_USER_PATHS = NO;
				ARCHS = "$(ARCHS_STANDARD_64_BIT)";
				CLANG_CXX_LANGUAGE_STANDARD = "gnu++0x";
				CLANG_CXX_LIBRARY = "libc++";
				CLANG_ENABLE_OBJC_ARC = YES;
				CLANG_WARN_CONSTANT_CONVERSION = YES;
				CLANG_WARN_EMPTY_BODY = YES;
				CLANG_WARN_ENUM_CONVERSION = YES;
				CLANG_WARN_INT_CONVERSION = YES;
				CLANG_WARN__DUPLICATE_METHOD_MATCH = YES;
				COPY_PHASE_STRIP = YES;
				DEBUG_INFORMATION_FORMAT = "dwarf-with-dsym";
				GCC_C_LANGUAGE_STANDARD = gnu99;
				GCC_ENABLE_OBJC_EXCEPTIONS = YES;
				GCC_WARN_64_TO_32_BIT_CONVERSION = YES;
				GCC_WARN_ABOUT_RETURN_TYPE = YES;
				GCC_WARN_UNINITIALIZED_AUTOS = YES;
				GCC_WARN_UNUSED_VARIABLE = YES;
				MACOSX_DEPLOYMENT_TARGET = 10.8;
				SDKROOT = macosx;
			};
			name = Release;
		};
		2D95112B177A264C00196C2C /* Debug */ = {
			isa = XCBuildConfiguration;
			buildSettings = {
				ALWAYS_SEARCH_USER_PATHS = YES;
				COMBINE_HIDPI_IMAGES = YES;
				DYLIB_COMPATIBILITY_VERSION = 1;
				DYLIB_CURRENT_VERSION = 1;
				FRAMEWORK_VERSION = A;
				GCC_PRECOMPILE_PREFIX_HEADER = YES;
				GCC_PREFIX_HEADER = "PHYKit/PHYKit-Prefix.pch";
				HEADER_SEARCH_PATHS = "./**";
				INFOPLIST_FILE = "PHYKit/PHYKit-Info.plist";
				LIBRARY_SEARCH_PATHS = "";
				PRODUCT_NAME = "$(TARGET_NAME)";
				USER_HEADER_SEARCH_PATHS = "";
				WRAPPER_EXTENSION = framework;
			};
			name = Debug;
		};
		2D95112C177A264C00196C2C /* Release */ = {
			isa = XCBuildConfiguration;
			buildSettings = {
				ALWAYS_SEARCH_USER_PATHS = YES;
				COMBINE_HIDPI_IMAGES = YES;
				DYLIB_COMPATIBILITY_VERSION = 1;
				DYLIB_CURRENT_VERSION = 1;
				FRAMEWORK_VERSION = A;
				GCC_PRECOMPILE_PREFIX_HEADER = YES;
				GCC_PREFIX_HEADER = "PHYKit/PHYKit-Prefix.pch";
				HEADER_SEARCH_PATHS = "./**";
				INFOPLIST_FILE = "PHYKit/PHYKit-Info.plist";
				LIBRARY_SEARCH_PATHS = "";
				PRODUCT_NAME = "$(TARGET_NAME)";
				USER_HEADER_SEARCH_PATHS = "";
				WRAPPER_EXTENSION = framework;
			};
			name = Release;
		};
/* End XCBuildConfiguration section */

/* Begin XCConfigurationList section */
		2D95110F177A264C00196C2C /* Build configuration list for PBXProject "PHYKit" */ = {
			isa = XCConfigurationList;
			buildConfigurations = (
				2D951128177A264C00196C2C /* Debug */,
				2D951129177A264C00196C2C /* Release */,
			);
			defaultConfigurationIsVisible = 0;
			defaultConfigurationName = Release;
		};
		2D95112A177A264C00196C2C /* Build configuration list for PBXNativeTarget "PHYKit" */ = {
			isa = XCConfigurationList;
			buildConfigurations = (
				2D95112B177A264C00196C2C /* Debug */,
				2D95112C177A264C00196C2C /* Release */,
			);
			defaultConfigurationIsVisible = 0;
			defaultConfigurationName = Release;
		};
/* End XCConfigurationList section */
	};
	rootObject = 2D95110C177A264C00196C2C /* Project object */;
}
