PODS:
  - box2d (2.3.0)
  - PHYKit (0.0.1):
    - box2d

DEPENDENCIES:
  - PHYKit (from `git@github.com:Imperiopolis/PHYKit.git`)

EXTERNAL SOURCES:
  PHYKit:
    :git: git@github.com:Imperiopolis/PHYKit.git

SPEC CHECKSUMS:
  box2d: 2de39470b8827a54daf2fff3d479e406c4aed51a
  PHYKit: 08cbd87316ddf58babeccb5bf802c045feeed5fb

COCOAPODS: 0.31.1
