// !$*UTF8*$!
{
	archiveVersion = 1;
	classes = {
	};
	objectVersion = 46;
	objects = {

/* Begin PBXBuildFile section */
		63EB406617722CC90064ED75 /* Foundation.framework in Frameworks */ = {isa = PBXBuildFile; fileRef = 63EB406517722CC90064ED75 /* Foundation.framework */; };
		63EB406817722CC90064ED75 /* CoreGraphics.framework in Frameworks */ = {isa = PBXBuildFile; fileRef = 63EB406717722CC90064ED75 /* CoreGraphics.framework */; };
		63EB406A17722CC90064ED75 /* UIKit.framework in Frameworks */ = {isa = PBXBuildFile; fileRef = 63EB406917722CC90064ED75 /* UIKit.framework */; };
		63EB407017722CC90064ED75 /* InfoPlist.strings in Resources */ = {isa = PBXBuildFile; fileRef = 63EB406E17722CC90064ED75 /* InfoPlist.strings */; };
		63EB407217722CC90064ED75 /* main.m in Sources */ = {isa = PBXBuildFile; fileRef = 63EB407117722CC90064ED75 /* main.m */; };
		63EB407617722CC90064ED75 /* AppDelegate.m in Sources */ = {isa = PBXBuildFile; fileRef = 63EB407517722CC90064ED75 /* AppDelegate.m */; };
		63EB407917722CC90064ED75 /* Main.storyboard in Resources */ = {isa = PBXBuildFile; fileRef = 63EB407717722CC90064ED75 /* Main.storyboard */; };
		63EB407C17722CC90064ED75 /* ViewController.m in Sources */ = {isa = PBXBuildFile; fileRef = 63EB407B17722CC90064ED75 /* ViewController.m */; };
		63EB407E17722CC90064ED75 /* Images.xcassets in Resources */ = {isa = PBXBuildFile; fileRef = 63EB407D17722CC90064ED75 /* Images.xcassets */; };
		63EB408517722CC90064ED75 /* XCTest.framework in Frameworks */ = {isa = PBXBuildFile; fileRef = 63EB408417722CC90064ED75 /* XCTest.framework */; };
		63EB408617722CC90064ED75 /* Foundation.framework in Frameworks */ = {isa = PBXBuildFile; fileRef = 63EB406517722CC90064ED75 /* Foundation.framework */; };
		63EB408717722CC90064ED75 /* UIKit.framework in Frameworks */ = {isa = PBXBuildFile; fileRef = 63EB406917722CC90064ED75 /* UIKit.framework */; };
		63EB408F17722CC90064ED75 /* InfoPlist.strings in Resources */ = {isa = PBXBuildFile; fileRef = 63EB408D17722CC90064ED75 /* InfoPlist.strings */; };
		63EB409117722CC90064ED75 /* SnapperTests.m in Sources */ = {isa = PBXBuildFile; fileRef = 63EB409017722CC90064ED75 /* SnapperTests.m */; };
/* End PBXBuildFile section */

/* Begin PBXContainerItemProxy section */
		63EB408817722CC90064ED75 /* PBXContainerItemProxy */ = {
			isa = PBXContainerItemProxy;
			containerPortal = 63EB405A17722CC90064ED75 /* Project object */;
			proxyType = 1;
			remoteGlobalIDString = 63EB406117722CC90064ED75;
			remoteInfo = Snapper;
		};
/* End PBXContainerItemProxy section */

/* Begin PBXFileReference section */
		63EB406217722CC90064ED75 /* Snapper.app */ = {isa = PBXFileReference; explicitFileType = wrapper.application; includeInIndex = 0; path = Snapper.app; sourceTree = BUILT_PRODUCTS_DIR; };
		63EB406517722CC90064ED75 /* Foundation.framework */ = {isa = PBXFileReference; lastKnownFileType = wrapper.framework; name = Foundation.framework; path = System/Library/Frameworks/Foundation.framework; sourceTree = SDKROOT; };
		63EB406717722CC90064ED75 /* CoreGraphics.framework */ = {isa = PBXFileReference; lastKnownFileType = wrapper.framework; name = CoreGraphics.framework; path = System/Library/Frameworks/CoreGraphics.framework; sourceTree = SDKROOT; };
		63EB406917722CC90064ED75 /* UIKit.framework */ = {isa = PBXFileReference; lastKnownFileType = wrapper.framework; name = UIKit.framework; path = System/Library/Frameworks/UIKit.framework; sourceTree = SDKROOT; };
		63EB406D17722CC90064ED75 /* Snapper-Info.plist */ = {isa = PBXFileReference; lastKnownFileType = text.plist.xml; path = "Snapper-Info.plist"; sourceTree = "<group>"; };
		63EB406F17722CC90064ED75 /* en */ = {isa = PBXFileReference; lastKnownFileType = text.plist.strings; name = en; path = en.lproj/InfoPlist.strings; sourceTree = "<group>"; };
		63EB407117722CC90064ED75 /* main.m */ = {isa = PBXFileReference; lastKnownFileType = sourcecode.c.objc; path = main.m; sourceTree = "<group>"; };
		63EB407317722CC90064ED75 /* Snapper-Prefix.pch */ = {isa = PBXFileReference; lastKnownFileType = sourcecode.c.h; path = "Snapper-Prefix.pch"; sourceTree = "<group>"; };
		63EB407417722CC90064ED75 /* AppDelegate.h */ = {isa = PBXFileReference; lastKnownFileType = sourcecode.c.h; path = AppDelegate.h; sourceTree = "<group>"; };
		63EB407517722CC90064ED75 /* AppDelegate.m */ = {isa = PBXFileReference; lastKnownFileType = sourcecode.c.objc; path = AppDelegate.m; sourceTree = "<group>"; };
		63EB407817722CC90064ED75 /* Base */ = {isa = PBXFileReference; lastKnownFileType = file.storyboard; name = Base; path = Base.lproj/Main.storyboard; sourceTree = "<group>"; };
		63EB407A17722CC90064ED75 /* ViewController.h */ = {isa = PBXFileReference; lastKnownFileType = sourcecode.c.h; path = ViewController.h; sourceTree = "<group>"; };
		63EB407B17722CC90064ED75 /* ViewController.m */ = {isa = PBXFileReference; lastKnownFileType = sourcecode.c.objc; path = ViewController.m; sourceTree = "<group>"; };
		63EB407D17722CC90064ED75 /* Images.xcassets */ = {isa = PBXFileReference; lastKnownFileType = folder.assetcatalog; path = Images.xcassets; sourceTree = "<group>"; };
		63EB408317722CC90064ED75 /* SnapperTests.xctest */ = {isa = PBXFileReference; explicitFileType = wrapper.cfbundle; includeInIndex = 0; path = SnapperTests.xctest; sourceTree = BUILT_PRODUCTS_DIR; };
		63EB408417722CC90064ED75 /* XCTest.framework */ = {isa = PBXFileReference; lastKnownFileType = wrapper.framework; name = XCTest.framework; path = Library/Frameworks/XCTest.framework; sourceTree = DEVELOPER_DIR; };
		63EB408C17722CC90064ED75 /* SnapperTests-Info.plist */ = {isa = PBXFileReference; lastKnownFileType = text.plist.xml; path = "SnapperTests-Info.plist"; sourceTree = "<group>"; };
		63EB408E17722CC90064ED75 /* en */ = {isa = PBXFileReference; lastKnownFileType = text.plist.strings; name = en; path = en.lproj/InfoPlist.strings; sourceTree = "<group>"; };
		63EB409017722CC90064ED75 /* SnapperTests.m */ = {isa = PBXFileReference; lastKnownFileType = sourcecode.c.objc; path = SnapperTests.m; sourceTree = "<group>"; };
/* End PBXFileReference section */

/* Begin PBXFrameworksBuildPhase section */
		63EB405F17722CC90064ED75 /* Frameworks */ = {
			isa = PBXFrameworksBuildPhase;
			buildActionMask = 2147483647;
			files = (
				63EB406817722CC90064ED75 /* CoreGraphics.framework in Frameworks */,
				63EB406A17722CC90064ED75 /* UIKit.framework in Frameworks */,
				63EB406617722CC90064ED75 /* Foundation.framework in Frameworks */,
			);
			runOnlyForDeploymentPostprocessing = 0;
		};
		63EB408017722CC90064ED75 /* Frameworks */ = {
			isa = PBXFrameworksBuildPhase;
			buildActionMask = 2147483647;
			files = (
				63EB408517722CC90064ED75 /* XCTest.framework in Frameworks */,
				63EB408717722CC90064ED75 /* UIKit.framework in Frameworks */,
				63EB408617722CC90064ED75 /* Foundation.framework in Frameworks */,
			);
			runOnlyForDeploymentPostprocessing = 0;
		};
/* End PBXFrameworksBuildPhase section */

/* Begin PBXGroup section */
		63EB405917722CC90064ED75 = {
			isa = PBXGroup;
			children = (
				63EB406B17722CC90064ED75 /* Snapper */,
				63EB408A17722CC90064ED75 /* SnapperTests */,
				63EB406417722CC90064ED75 /* Frameworks */,
				63EB406317722CC90064ED75 /* Products */,
			);
			sourceTree = "<group>";
		};
		63EB406317722CC90064ED75 /* Products */ = {
			isa = PBXGroup;
			children = (
				63EB406217722CC90064ED75 /* Snapper.app */,
				63EB408317722CC90064ED75 /* SnapperTests.xctest */,
			);
			name = Products;
			sourceTree = "<group>";
		};
		63EB406417722CC90064ED75 /* Frameworks */ = {
			isa = PBXGroup;
			children = (
				63EB406517722CC90064ED75 /* Foundation.framework */,
				63EB406717722CC90064ED75 /* CoreGraphics.framework */,
				63EB406917722CC90064ED75 /* UIKit.framework */,
				63EB408417722CC90064ED75 /* XCTest.framework */,
			);
			name = Frameworks;
			sourceTree = "<group>";
		};
		63EB406B17722CC90064ED75 /* Snapper */ = {
			isa = PBXGroup;
			children = (
				63EB407417722CC90064ED75 /* AppDelegate.h */,
				63EB407517722CC90064ED75 /* AppDelegate.m */,
				63EB407717722CC90064ED75 /* Main.storyboard */,
				63EB407A17722CC90064ED75 /* ViewController.h */,
				63EB407B17722CC90064ED75 /* ViewController.m */,
				63EB407D17722CC90064ED75 /* Images.xcassets */,
				63EB406C17722CC90064ED75 /* Supporting Files */,
			);
			path = Snapper;
			sourceTree = "<group>";
		};
		63EB406C17722CC90064ED75 /* Supporting Files */ = {
			isa = PBXGroup;
			children = (
				63EB406D17722CC90064ED75 /* Snapper-Info.plist */,
				63EB406E17722CC90064ED75 /* InfoPlist.strings */,
				63EB407117722CC90064ED75 /* main.m */,
				63EB407317722CC90064ED75 /* Snapper-Prefix.pch */,
			);
			name = "Supporting Files";
			sourceTree = "<group>";
		};
		63EB408A17722CC90064ED75 /* SnapperTests */ = {
			isa = PBXGroup;
			children = (
				63EB409017722CC90064ED75 /* SnapperTests.m */,
				63EB408B17722CC90064ED75 /* Supporting Files */,
			);
			path = SnapperTests;
			sourceTree = "<group>";
		};
		63EB408B17722CC90064ED75 /* Supporting Files */ = {
			isa = PBXGroup;
			children = (
				63EB408C17722CC90064ED75 /* SnapperTests-Info.plist */,
				63EB408D17722CC90064ED75 /* InfoPlist.strings */,
			);
			name = "Supporting Files";
			sourceTree = "<group>";
		};
/* End PBXGroup section */

/* Begin PBXNativeTarget section */
		63EB406117722CC90064ED75 /* Snapper */ = {
			isa = PBXNativeTarget;
			buildConfigurationList = 63EB409417722CC90064ED75 /* Build configuration list for PBXNativeTarget "Snapper" */;
			buildPhases = (
				63EB405E17722CC90064ED75 /* Sources */,
				63EB405F17722CC90064ED75 /* Frameworks */,
				63EB406017722CC90064ED75 /* Resources */,
			);
			buildRules = (
			);
			dependencies = (
			);
			name = Snapper;
			productName = Snapper;
			productReference = 63EB406217722CC90064ED75 /* Snapper.app */;
			productType = "com.apple.product-type.application";
		};
		63EB408217722CC90064ED75 /* SnapperTests */ = {
			isa = PBXNativeTarget;
			buildConfigurationList = 63EB409717722CC90064ED75 /* Build configuration list for PBXNativeTarget "SnapperTests" */;
			buildPhases = (
				63EB407F17722CC90064ED75 /* Sources */,
				63EB408017722CC90064ED75 /* Frameworks */,
				63EB408117722CC90064ED75 /* Resources */,
			);
			buildRules = (
			);
			dependencies = (
				63EB408917722CC90064ED75 /* PBXTargetDependency */,
			);
			name = SnapperTests;
			productName = SnapperTests;
			productReference = 63EB408317722CC90064ED75 /* SnapperTests.xctest */;
			productType = "com.apple.product-type.bundle.unit-test";
		};
/* End PBXNativeTarget section */

/* Begin PBXProject section */
		63EB405A17722CC90064ED75 /* Project object */ = {
			isa = PBXProject;
			attributes = {
				LastUpgradeCheck = 0500;
				ORGANIZATIONNAME = "Zev Eisenberg";
				TargetAttributes = {
					63EB408217722CC90064ED75 = {
						TestTargetID = 63EB406117722CC90064ED75;
					};
				};
			};
			buildConfigurationList = 63EB405D17722CC90064ED75 /* Build configuration list for PBXProject "Snapper" */;
			compatibilityVersion = "Xcode 3.2";
			developmentRegion = English;
			hasScannedForEncodings = 0;
			knownRegions = (
				en,
				Base,
			);
			mainGroup = 63EB405917722CC90064ED75;
			productRefGroup = 63EB406317722CC90064ED75 /* Products */;
			projectDirPath = "";
			projectRoot = "";
			targets = (
				63EB406117722CC90064ED75 /* Snapper */,
				63EB408217722CC90064ED75 /* SnapperTests */,
			);
		};
/* End PBXProject section */

/* Begin PBXResourcesBuildPhase section */
		63EB406017722CC90064ED75 /* Resources */ = {
			isa = PBXResourcesBuildPhase;
			buildActionMask = 2147483647;
			files = (
				63EB407E17722CC90064ED75 /* Images.xcassets in Resources */,
				63EB407017722CC90064ED75 /* InfoPlist.strings in Resources */,
				63EB407917722CC90064ED75 /* Main.storyboard in Resources */,
			);
			runOnlyForDeploymentPostprocessing = 0;
		};
		63EB408117722CC90064ED75 /* Resources */ = {
			isa = PBXResourcesBuildPhase;
			buildActionMask = 2147483647;
			files = (
				63EB408F17722CC90064ED75 /* InfoPlist.strings in Resources */,
			);
			runOnlyForDeploymentPostprocessing = 0;
		};
/* End PBXResourcesBuildPhase section */

/* Begin PBXSourcesBuildPhase section */
		63EB405E17722CC90064ED75 /* Sources */ = {
			isa = PBXSourcesBuildPhase;
			buildActionMask = 2147483647;
			files = (
				63EB407C17722CC90064ED75 /* ViewController.m in Sources */,
				63EB407617722CC90064ED75 /* AppDelegate.m in Sources */,
				63EB407217722CC90064ED75 /* main.m in Sources */,
			);
			runOnlyForDeploymentPostprocessing = 0;
		};
		63EB407F17722CC90064ED75 /* Sources */ = {
			isa = PBXSourcesBuildPhase;
			buildActionMask = 2147483647;
			files = (
				63EB409117722CC90064ED75 /* SnapperTests.m in Sources */,
			);
			runOnlyForDeploymentPostprocessing = 0;
		};
/* End PBXSourcesBuildPhase section */

/* Begin PBXTargetDependency section */
		63EB408917722CC90064ED75 /* PBXTargetDependency */ = {
			isa = PBXTargetDependency;
			target = 63EB406117722CC90064ED75 /* Snapper */;
			targetProxy = 63EB408817722CC90064ED75 /* PBXContainerItemProxy */;
		};
/* End PBXTargetDependency section */

/* Begin PBXVariantGroup section */
		63EB406E17722CC90064ED75 /* InfoPlist.strings */ = {
			isa = PBXVariantGroup;
			children = (
				63EB406F17722CC90064ED75 /* en */,
			);
			name = InfoPlist.strings;
			sourceTree = "<group>";
		};
		63EB407717722CC90064ED75 /* Main.storyboard */ = {
			isa = PBXVariantGroup;
			children = (
				63EB407817722CC90064ED75 /* Base */,
			);
			name = Main.storyboard;
			sourceTree = "<group>";
		};
		63EB408D17722CC90064ED75 /* InfoPlist.strings */ = {
			isa = PBXVariantGroup;
			children = (
				63EB408E17722CC90064ED75 /* en */,
			);
			name = InfoPlist.strings;
			sourceTree = "<group>";
		};
/* End PBXVariantGroup section */

/* Begin XCBuildConfiguration section */
		63EB409217722CC90064ED75 /* Debug */ = {
			isa = XCBuildConfiguration;
			buildSettings = {
				ALWAYS_SEARCH_USER_PATHS = NO;
				CLANG_CXX_LANGUAGE_STANDARD = "gnu++0x";
				CLANG_CXX_LIBRARY = "libc++";
				CLANG_ENABLE_MODULES = YES;
				CLANG_ENABLE_OBJC_ARC = YES;
				CLANG_WARN_BOOL_CONVERSION = YES;
				CLANG_WARN_CONSTANT_CONVERSION = YES;
				CLANG_WARN_DIRECT_OBJC_ISA_USAGE = YES_ERROR;
				CLANG_WARN_EMPTY_BODY = YES;
				CLANG_WARN_ENUM_CONVERSION = YES;
				CLANG_WARN_INT_CONVERSION = YES;
				CLANG_WARN_OBJC_ROOT_CLASS = YES_ERROR;
				CLANG_WARN__DUPLICATE_METHOD_MATCH = YES;
				"CODE_SIGN_IDENTITY[sdk=iphoneos*]" = "iPhone Developer";
				COPY_PHASE_STRIP = NO;
				GCC_C_LANGUAGE_STANDARD = gnu99;
				GCC_DYNAMIC_NO_PIC = NO;
				GCC_OPTIMIZATION_LEVEL = 0;
				GCC_PREPROCESSOR_DEFINITIONS = (
					"DEBUG=1",
					"$(inherited)",
				);
				GCC_SYMBOLS_PRIVATE_EXTERN = NO;
				GCC_WARN_ABOUT_RETURN_TYPE = YES_ERROR;
				GCC_WARN_UNDECLARED_SELECTOR = YES;
				GCC_WARN_UNINITIALIZED_AUTOS = YES;
				GCC_WARN_UNUSED_FUNCTION = YES;
				GCC_WARN_UNUSED_VARIABLE = YES;
				IPHONEOS_DEPLOYMENT_TARGET = 7.0;
				ONLY_ACTIVE_ARCH = YES;
				SDKROOT = iphoneos;
			};
			name = Debug;
		};
		63EB409317722CC90064ED75 /* Release */ = {
			isa = XCBuildConfiguration;
			buildSettings = {
				ALWAYS_SEARCH_USER_PATHS = NO;
				CLANG_CXX_LANGUAGE_STANDARD = "gnu++0x";
				CLANG_CXX_LIBRARY = "libc++";
				CLANG_ENABLE_MODULES = YES;
				CLANG_ENABLE_OBJC_ARC = YES;
				CLANG_WARN_BOOL_CONVERSION = YES;
				CLANG_WARN_CONSTANT_CONVERSION = YES;
				CLANG_WARN_DIRECT_OBJC_ISA_USAGE = YES_ERROR;
				CLANG_WARN_EMPTY_BODY = YES;
				CLANG_WARN_ENUM_CONVERSION = YES;
				CLANG_WARN_INT_CONVERSION = YES;
				CLANG_WARN_OBJC_ROOT_CLASS = YES_ERROR;
				CLANG_WARN__DUPLICATE_METHOD_MATCH = YES;
				"CODE_SIGN_IDENTITY[sdk=iphoneos*]" = "iPhone Developer";
				COPY_PHASE_STRIP = YES;
				ENABLE_NS_ASSERTIONS = NO;
				GCC_C_LANGUAGE_STANDARD = gnu99;
				GCC_WARN_ABOUT_RETURN_TYPE = YES_ERROR;
				GCC_WARN_UNDECLARED_SELECTOR = YES;
				GCC_WARN_UNINITIALIZED_AUTOS = YES;
				GCC_WARN_UNUSED_FUNCTION = YES;
				GCC_WARN_UNUSED_VARIABLE = YES;
				IPHONEOS_DEPLOYMENT_TARGET = 7.0;
				SDKROOT = iphoneos;
				VALIDATE_PRODUCT = YES;
			};
			name = Release;
		};
		63EB409517722CC90064ED75 /* Debug */ = {
			isa = XCBuildConfiguration;
			buildSettings = {
				ASSETCATALOG_COMPILER_APPICON_NAME = AppIcon;
				ASSETCATALOG_COMPILER_LAUNCHIMAGE_NAME = LaunchImage;
				GCC_PRECOMPILE_PREFIX_HEADER = YES;
				GCC_PREFIX_HEADER = "Snapper/Snapper-Prefix.pch";
				INFOPLIST_FILE = "Snapper/Snapper-Info.plist";
				PRODUCT_NAME = "$(TARGET_NAME)";
				WRAPPER_EXTENSION = app;
			};
			name = Debug;
		};
		63EB409617722CC90064ED75 /* Release */ = {
			isa = XCBuildConfiguration;
			buildSettings = {
				ASSETCATALOG_COMPILER_APPICON_NAME = AppIcon;
				ASSETCATALOG_COMPILER_LAUNCHIMAGE_NAME = LaunchImage;
				GCC_PRECOMPILE_PREFIX_HEADER = YES;
				GCC_PREFIX_HEADER = "Snapper/Snapper-Prefix.pch";
				INFOPLIST_FILE = "Snapper/Snapper-Info.plist";
				PRODUCT_NAME = "$(TARGET_NAME)";
				WRAPPER_EXTENSION = app;
			};
			name = Release;
		};
		63EB409817722CC90064ED75 /* Debug */ = {
			isa = XCBuildConfiguration;
			buildSettings = {
				BUNDLE_LOADER = "$(BUILT_PRODUCTS_DIR)/Snapper.app/Snapper";
				FRAMEWORK_SEARCH_PATHS = (
					"$(SDKROOT)/Developer/Library/Frameworks",
					"$(inherited)",
					"$(SYSTEM_APPS_DIR)/Xcode5-DP.app/Contents/Developer/Library/Frameworks",
				);
				GCC_PRECOMPILE_PREFIX_HEADER = YES;
				GCC_PREFIX_HEADER = "Snapper/Snapper-Prefix.pch";
				GCC_PREPROCESSOR_DEFINITIONS = (
					"DEBUG=1",
					"$(inherited)",
				);
				INFOPLIST_FILE = "SnapperTests/SnapperTests-Info.plist";
				PRODUCT_NAME = "$(TARGET_NAME)";
				TEST_HOST = "$(BUNDLE_LOADER)";
				WRAPPER_EXTENSION = xctest;
			};
			name = Debug;
		};
		63EB409917722CC90064ED75 /* Release */ = {
			isa = XCBuildConfiguration;
			buildSettings = {
				BUNDLE_LOADER = "$(BUILT_PRODUCTS_DIR)/Snapper.app/Snapper";
				FRAMEWORK_SEARCH_PATHS = (
					"$(SDKROOT)/Developer/Library/Frameworks",
					"$(inherited)",
					"$(SYSTEM_APPS_DIR)/Xcode5-DP.app/Contents/Developer/Library/Frameworks",
				);
				GCC_PRECOMPILE_PREFIX_HEADER = YES;
				GCC_PREFIX_HEADER = "Snapper/Snapper-Prefix.pch";
				INFOPLIST_FILE = "SnapperTests/SnapperTests-Info.plist";
				PRODUCT_NAME = "$(TARGET_NAME)";
				TEST_HOST = "$(BUNDLE_LOADER)";
				WRAPPER_EXTENSION = xctest;
			};
			name = Release;
		};
/* End XCBuildConfiguration section */

/* Begin XCConfigurationList section */
		63EB405D17722CC90064ED75 /* Build configuration list for PBXProject "Snapper" */ = {
			isa = XCConfigurationList;
			buildConfigurations = (
				63EB409217722CC90064ED75 /* Debug */,
				63EB409317722CC90064ED75 /* Release */,
			);
			defaultConfigurationIsVisible = 0;
			defaultConfigurationName = Release;
		};
		63EB409417722CC90064ED75 /* Build configuration list for PBXNativeTarget "Snapper" */ = {
			isa = XCConfigurationList;
			buildConfigurations = (
				63EB409517722CC90064ED75 /* Debug */,
				63EB409617722CC90064ED75 /* Release */,
			);
			defaultConfigurationIsVisible = 0;
		};
		63EB409717722CC90064ED75 /* Build configuration list for PBXNativeTarget "SnapperTests" */ = {
			isa = XCConfigurationList;
			buildConfigurations = (
				63EB409817722CC90064ED75 /* Debug */,
				63EB409917722CC90064ED75 /* Release */,
			);
			defaultConfigurationIsVisible = 0;
		};
/* End XCConfigurationList section */
	};
	rootObject = 63EB405A17722CC90064ED75 /* Project object */;
}
